
Microsoft Visual Studio Solution File, Format Version 12.00
# Visual Studio 15
Project("{2150E333-8FDC-42A3-9474-1A3956D46DE8}") = "CMakePredefinedTargets", "CMakePredefinedTargets", "{6DCF2055-C3F0-3356-8CBD-7BAEB66CA098}"
EndProject
Project("{2150E333-8FDC-42A3-9474-1A3956D46DE8}") = "External", "External", "{1F3165C0-5C83-3AD2-A5A5-C861BDF0FF65}"
EndProject
Project("{2150E333-8FDC-42A3-9474-1A3956D46DE8}") = "Internal", "Internal", "{3E1D4C18-B097-3A33-81D5-B99402E76AB0}"
EndProject
Project("{2150E333-8FDC-42A3-9474-1A3956D46DE8}") = "Utils", "Utils", "{7E09121E-CD87-357F-9982-07390F4FFD23}"
EndProject
Project("{8BC9CEB8-8B4A-11D0-8D11-00A0C91BC942}") = "ALL_BUILD", "ALL_BUILD.vcxproj", "{A0D1272D-858D-362E-A196-F0CD95F53774}"
	ProjectSection(ProjectDependencies) = postProject
		{CDC37749-9F57-3A92-AF90-C0922255D082} = {CDC37749-9F57-3A92-AF90-C0922255D082}
		{D72FE2A9-F011-3B2A-AA06-9629A32277A9} = {D72FE2A9-F011-3B2A-AA06-9629A32277A9}
		{A2608979-BFBF-3FCB-821B-FC2A0FEFAA68} = {A2608979-BFBF-3FCB-821B-FC2A0FEFAA68}
		{8AC4BFBB-576E-3848-8CBD-23C3FC779DBA} = {8AC4BFBB-576E-3848-8CBD-23C3FC779DBA}
		{A7D2903F-27F3-3AE0-BB6B-7942D1B8B07A} = {A7D2903F-27F3-3AE0-BB6B-7942D1B8B07A}
		{77F1DA2A-E45F-3363-BB5E-C45087F10A6F} = {77F1DA2A-E45F-3363-BB5E-C45087F10A6F}
		{2A7FF71C-A35C-3C0E-ADBC-030AFB4F8B83} = {2A7FF71C-A35C-3C0E-ADBC-030AFB4F8B83}
		{6FDA2B64-1DE9-3EC5-852A-295B74530FD8} = {6FDA2B64-1DE9-3EC5-852A-295B74530FD8}
		{A365D035-6C74-3283-905D-408DD44DB83E} = {A365D035-6C74-3283-905D-408DD44DB83E}
		{816E47B1-D0BA-3A6C-A54C-C185A50C2136} = {816E47B1-D0BA-3A6C-A54C-C185A50C2136}
		{A91B40A5-B4CD-3C0B-878D-0CC40019D291} = {A91B40A5-B4CD-3C0B-878D-0CC40019D291}
		{E93014A1-6E86-3378-8F5F-95A0A4D2FAEC} = {E93014A1-6E86-3378-8F5F-95A0A4D2FAEC}
		{59F52733-954E-31EB-8644-0561635BFC02} = {59F52733-954E-31EB-8644-0561635BFC02}
		{7983FA59-6681-362D-BFAB-B12956F47FBA} = {7983FA59-6681-362D-BFAB-B12956F47FBA}
		{B08A7BFD-1B59-391E-B52E-BF185DC8590A} = {B08A7BFD-1B59-391E-B52E-BF185DC8590A}
	EndProjectSection
EndProject
Project("{8BC9CEB8-8B4A-11D0-8D11-00A0C91BC942}") = "SYNC_RESOURCE-minesweeper", "SYNC_RESOURCE-minesweeper.vcxproj", "{CDC37749-9F57-3A92-AF90-C0922255D082}"
	ProjectSection(ProjectDependencies) = postProject
		{D72FE2A9-F011-3B2A-AA06-9629A32277A9} = {D72FE2A9-F011-3B2A-AA06-9629A32277A9}
	EndProjectSection
EndProject
Project("{8BC9CEB8-8B4A-11D0-8D11-00A0C91BC942}") = "ZERO_CHECK", "ZERO_CHECK.vcxproj", "{D72FE2A9-F011-3B2A-AA06-9629A32277A9}"
	ProjectSection(ProjectDependencies) = postProject
	EndProjectSection
EndProject
Project("{8BC9CEB8-8B4A-11D0-8D11-00A0C91BC942}") = "cocos2d", "engine\cocos\core\cocos2d.vcxproj", "{A2608979-BFBF-3FCB-821B-FC2A0FEFAA68}"
	ProjectSection(ProjectDependencies) = postProject
		{D72FE2A9-F011-3B2A-AA06-9629A32277A9} = {D72FE2A9-F011-3B2A-AA06-9629A32277A9}
		{8AC4BFBB-576E-3848-8CBD-23C3FC779DBA} = {8AC4BFBB-576E-3848-8CBD-23C3FC779DBA}
		{A7D2903F-27F3-3AE0-BB6B-7942D1B8B07A} = {A7D2903F-27F3-3AE0-BB6B-7942D1B8B07A}
		{77F1DA2A-E45F-3363-BB5E-C45087F10A6F} = {77F1DA2A-E45F-3363-BB5E-C45087F10A6F}
		{2A7FF71C-A35C-3C0E-ADBC-030AFB4F8B83} = {2A7FF71C-A35C-3C0E-ADBC-030AFB4F8B83}
		{6FDA2B64-1DE9-3EC5-852A-295B74530FD8} = {6FDA2B64-1DE9-3EC5-852A-295B74530FD8}
		{A365D035-6C74-3283-905D-408DD44DB83E} = {A365D035-6C74-3283-905D-408DD44DB83E}
		{816E47B1-D0BA-3A6C-A54C-C185A50C2136} = {816E47B1-D0BA-3A6C-A54C-C185A50C2136}
		{A91B40A5-B4CD-3C0B-878D-0CC40019D291} = {A91B40A5-B4CD-3C0B-878D-0CC40019D291}
		{E93014A1-6E86-3378-8F5F-95A0A4D2FAEC} = {E93014A1-6E86-3378-8F5F-95A0A4D2FAEC}
		{59F52733-954E-31EB-8644-0561635BFC02} = {59F52733-954E-31EB-8644-0561635BFC02}
		{7983FA59-6681-362D-BFAB-B12956F47FBA} = {7983FA59-6681-362D-BFAB-B12956F47FBA}
	EndProjectSection
EndProject
Project("{8BC9CEB8-8B4A-11D0-8D11-00A0C91BC942}") = "ext_clipper", "engine\external\clipper\ext_clipper.vcxproj", "{8AC4BFBB-576E-3848-8CBD-23C3FC779DBA}"
	ProjectSection(ProjectDependencies) = postProject
		{D72FE2A9-F011-3B2A-AA06-9629A32277A9} = {D72FE2A9-F011-3B2A-AA06-9629A32277A9}
	EndProjectSection
EndProject
Project("{8BC9CEB8-8B4A-11D0-8D11-00A0C91BC942}") = "ext_convertUTF", "engine\external\ConvertUTF\ext_convertUTF.vcxproj", "{A7D2903F-27F3-3AE0-BB6B-7942D1B8B07A}"
	ProjectSection(ProjectDependencies) = postProject
		{D72FE2A9-F011-3B2A-AA06-9629A32277A9} = {D72FE2A9-F011-3B2A-AA06-9629A32277A9}
	EndProjectSection
EndProject
Project("{8BC9CEB8-8B4A-11D0-8D11-00A0C91BC942}") = "ext_edtaa3func", "engine\external\edtaa3func\ext_edtaa3func.vcxproj", "{77F1DA2A-E45F-3363-BB5E-C45087F10A6F}"
	ProjectSection(ProjectDependencies) = postProject
		{D72FE2A9-F011-3B2A-AA06-9629A32277A9} = {D72FE2A9-F011-3B2A-AA06-9629A32277A9}
	EndProjectSection
EndProject
Project("{8BC9CEB8-8B4A-11D0-8D11-00A0C91BC942}") = "ext_md5", "engine\external\md5\ext_md5.vcxproj", "{2A7FF71C-A35C-3C0E-ADBC-030AFB4F8B83}"
	ProjectSection(ProjectDependencies) = postProject
		{D72FE2A9-F011-3B2A-AA06-9629A32277A9} = {D72FE2A9-F011-3B2A-AA06-9629A32277A9}
	EndProjectSection
EndProject
Project("{8BC9CEB8-8B4A-11D0-8D11-00A0C91BC942}") = "ext_poly2tri", "engine\external\poly2tri\ext_poly2tri.vcxproj", "{6FDA2B64-1DE9-3EC5-852A-295B74530FD8}"
	ProjectSection(ProjectDependencies) = postProject
		{D72FE2A9-F011-3B2A-AA06-9629A32277A9} = {D72FE2A9-F011-3B2A-AA06-9629A32277A9}
	EndProjectSection
EndProject
Project("{8BC9CEB8-8B4A-11D0-8D11-00A0C91BC942}") = "ext_recast", "engine\external\recast\ext_recast.vcxproj", "{A365D035-6C74-3283-905D-408DD44DB83E}"
	ProjectSection(ProjectDependencies) = postProject
		{D72FE2A9-F011-3B2A-AA06-9629A32277A9} = {D72FE2A9-F011-3B2A-AA06-9629A32277A9}
	EndProjectSection
EndProject
Project("{8BC9CEB8-8B4A-11D0-8D11-00A0C91BC942}") = "ext_tinyxml2", "engine\external\tinyxml2\ext_tinyxml2.vcxproj", "{816E47B1-D0BA-3A6C-A54C-C185A50C2136}"
	ProjectSection(ProjectDependencies) = postProject
		{D72FE2A9-F011-3B2A-AA06-9629A32277A9} = {D72FE2A9-F011-3B2A-AA06-9629A32277A9}
	EndProjectSection
EndProject
Project("{8BC9CEB8-8B4A-11D0-8D11-00A0C91BC942}") = "ext_unzip", "engine\external\unzip\ext_unzip.vcxproj", "{A91B40A5-B4CD-3C0B-878D-0CC40019D291}"
	ProjectSection(ProjectDependencies) = postProject
		{D72FE2A9-F011-3B2A-AA06-9629A32277A9} = {D72FE2A9-F011-3B2A-AA06-9629A32277A9}
	EndProjectSection
EndProject
Project("{8BC9CEB8-8B4A-11D0-8D11-00A0C91BC942}") = "ext_xxhash", "engine\external\xxhash\ext_xxhash.vcxproj", "{E93014A1-6E86-3378-8F5F-95A0A4D2FAEC}"
	ProjectSection(ProjectDependencies) = postProject
		{D72FE2A9-F011-3B2A-AA06-9629A32277A9} = {D72FE2A9-F011-3B2A-AA06-9629A32277A9}
	EndProjectSection
EndProject
Project("{8BC9CEB8-8B4A-11D0-8D11-00A0C91BC942}") = "ext_xxtea", "engine\external\xxtea\ext_xxtea.vcxproj", "{59F52733-954E-31EB-8644-0561635BFC02}"
	ProjectSection(ProjectDependencies) = postProject
		{D72FE2A9-F011-3B2A-AA06-9629A32277A9} = {D72FE2A9-F011-3B2A-AA06-9629A32277A9}
	EndProjectSection
EndProject
Project("{8BC9CEB8-8B4A-11D0-8D11-00A0C91BC942}") = "external", "engine\external\external.vcxproj", "{7983FA59-6681-362D-BFAB-B12956F47FBA}"
	ProjectSection(ProjectDependencies) = postProject
		{D72FE2A9-F011-3B2A-AA06-9629A32277A9} = {D72FE2A9-F011-3B2A-AA06-9629A32277A9}
		{8AC4BFBB-576E-3848-8CBD-23C3FC779DBA} = {8AC4BFBB-576E-3848-8CBD-23C3FC779DBA}
		{A7D2903F-27F3-3AE0-BB6B-7942D1B8B07A} = {A7D2903F-27F3-3AE0-BB6B-7942D1B8B07A}
		{77F1DA2A-E45F-3363-BB5E-C45087F10A6F} = {77F1DA2A-E45F-3363-BB5E-C45087F10A6F}
		{2A7FF71C-A35C-3C0E-ADBC-030AFB4F8B83} = {2A7FF71C-A35C-3C0E-ADBC-030AFB4F8B83}
		{6FDA2B64-1DE9-3EC5-852A-295B74530FD8} = {6FDA2B64-1DE9-3EC5-852A-295B74530FD8}
		{A365D035-6C74-3283-905D-408DD44DB83E} = {A365D035-6C74-3283-905D-408DD44DB83E}
		{816E47B1-D0BA-3A6C-A54C-C185A50C2136} = {816E47B1-D0BA-3A6C-A54C-C185A50C2136}
		{A91B40A5-B4CD-3C0B-878D-0CC40019D291} = {A91B40A5-B4CD-3C0B-878D-0CC40019D291}
		{E93014A1-6E86-3378-8F5F-95A0A4D2FAEC} = {E93014A1-6E86-3378-8F5F-95A0A4D2FAEC}
		{59F52733-954E-31EB-8644-0561635BFC02} = {59F52733-954E-31EB-8644-0561635BFC02}
	EndProjectSection
EndProject
Project("{8BC9CEB8-8B4A-11D0-8D11-00A0C91BC942}") = "minesweeper", "minesweeper.vcxproj", "{B08A7BFD-1B59-391E-B52E-BF185DC8590A}"
	ProjectSection(ProjectDependencies) = postProject
		{CDC37749-9F57-3A92-AF90-C0922255D082} = {CDC37749-9F57-3A92-AF90-C0922255D082}
		{D72FE2A9-F011-3B2A-AA06-9629A32277A9} = {D72FE2A9-F011-3B2A-AA06-9629A32277A9}
		{A2608979-BFBF-3FCB-821B-FC2A0FEFAA68} = {A2608979-BFBF-3FCB-821B-FC2A0FEFAA68}
		{8AC4BFBB-576E-3848-8CBD-23C3FC779DBA} = {8AC4BFBB-576E-3848-8CBD-23C3FC779DBA}
		{A7D2903F-27F3-3AE0-BB6B-7942D1B8B07A} = {A7D2903F-27F3-3AE0-BB6B-7942D1B8B07A}
		{77F1DA2A-E45F-3363-BB5E-C45087F10A6F} = {77F1DA2A-E45F-3363-BB5E-C45087F10A6F}
		{2A7FF71C-A35C-3C0E-ADBC-030AFB4F8B83} = {2A7FF71C-A35C-3C0E-ADBC-030AFB4F8B83}
		{6FDA2B64-1DE9-3EC5-852A-295B74530FD8} = {6FDA2B64-1DE9-3EC5-852A-295B74530FD8}
		{A365D035-6C74-3283-905D-408DD44DB83E} = {A365D035-6C74-3283-905D-408DD44DB83E}
		{816E47B1-D0BA-3A6C-A54C-C185A50C2136} = {816E47B1-D0BA-3A6C-A54C-C185A50C2136}
		{A91B40A5-B4CD-3C0B-878D-0CC40019D291} = {A91B40A5-B4CD-3C0B-878D-0CC40019D291}
		{E93014A1-6E86-3378-8F5F-95A0A4D2FAEC} = {E93014A1-6E86-3378-8F5F-95A0A4D2FAEC}
		{59F52733-954E-31EB-8644-0561635BFC02} = {59F52733-954E-31EB-8644-0561635BFC02}
		{7983FA59-6681-362D-BFAB-B12956F47FBA} = {7983FA59-6681-362D-BFAB-B12956F47FBA}
	EndProjectSection
EndProject
Global
	GlobalSection(SolutionConfigurationPlatforms) = preSolution
		Debug|Win32 = Debug|Win32
		Release|Win32 = Release|Win32
		MinSizeRel|Win32 = MinSizeRel|Win32
		RelWithDebInfo|Win32 = RelWithDebInfo|Win32
	EndGlobalSection
	GlobalSection(ProjectConfigurationPlatforms) = postSolution
		{A0D1272D-858D-362E-A196-F0CD95F53774}.Debug|Win32.ActiveCfg = Debug|Win32
		{A0D1272D-858D-362E-A196-F0CD95F53774}.Release|Win32.ActiveCfg = Release|Win32
		{A0D1272D-858D-362E-A196-F0CD95F53774}.MinSizeRel|Win32.ActiveCfg = MinSizeRel|Win32
		{A0D1272D-858D-362E-A196-F0CD95F53774}.RelWithDebInfo|Win32.ActiveCfg = RelWithDebInfo|Win32
		{CDC37749-9F57-3A92-AF90-C0922255D082}.Debug|Win32.ActiveCfg = Debug|Win32
		{CDC37749-9F57-3A92-AF90-C0922255D082}.Debug|Win32.Build.0 = Debug|Win32
		{CDC37749-9F57-3A92-AF90-C0922255D082}.Release|Win32.ActiveCfg = Release|Win32
		{CDC37749-9F57-3A92-AF90-C0922255D082}.Release|Win32.Build.0 = Release|Win32
		{CDC37749-9F57-3A92-AF90-C0922255D082}.MinSizeRel|Win32.ActiveCfg = MinSizeRel|Win32
		{CDC37749-9F57-3A92-AF90-C0922255D082}.MinSizeRel|Win32.Build.0 = MinSizeRel|Win32
		{CDC37749-9F57-3A92-AF90-C0922255D082}.RelWithDebInfo|Win32.ActiveCfg = RelWithDebInfo|Win32
		{CDC37749-9F57-3A92-AF90-C0922255D082}.RelWithDebInfo|Win32.Build.0 = RelWithDebInfo|Win32
		{D72FE2A9-F011-3B2A-AA06-9629A32277A9}.Debug|Win32.ActiveCfg = Debug|Win32
		{D72FE2A9-F011-3B2A-AA06-9629A32277A9}.Debug|Win32.Build.0 = Debug|Win32
		{D72FE2A9-F011-3B2A-AA06-9629A32277A9}.Release|Win32.ActiveCfg = Release|Win32
		{D72FE2A9-F011-3B2A-AA06-9629A32277A9}.Release|Win32.Build.0 = Release|Win32
		{D72FE2A9-F011-3B2A-AA06-9629A32277A9}.MinSizeRel|Win32.ActiveCfg = MinSizeRel|Win32
		{D72FE2A9-F011-3B2A-AA06-9629A32277A9}.MinSizeRel|Win32.Build.0 = MinSizeRel|Win32
		{D72FE2A9-F011-3B2A-AA06-9629A32277A9}.RelWithDebInfo|Win32.ActiveCfg = RelWithDebInfo|Win32
		{D72FE2A9-F011-3B2A-AA06-9629A32277A9}.RelWithDebInfo|Win32.Build.0 = RelWithDebInfo|Win32
		{A2608979-BFBF-3FCB-821B-FC2A0FEFAA68}.Debug|Win32.ActiveCfg = Debug|Win32
		{A2608979-BFBF-3FCB-821B-FC2A0FEFAA68}.Debug|Win32.Build.0 = Debug|Win32
		{A2608979-BFBF-3FCB-821B-FC2A0FEFAA68}.Release|Win32.ActiveCfg = Release|Win32
		{A2608979-BFBF-3FCB-821B-FC2A0FEFAA68}.Release|Win32.Build.0 = Release|Win32
		{A2608979-BFBF-3FCB-821B-FC2A0FEFAA68}.MinSizeRel|Win32.ActiveCfg = MinSizeRel|Win32
		{A2608979-BFBF-3FCB-821B-FC2A0FEFAA68}.MinSizeRel|Win32.Build.0 = MinSizeRel|Win32
		{A2608979-BFBF-3FCB-821B-FC2A0FEFAA68}.RelWithDebInfo|Win32.ActiveCfg = RelWithDebInfo|Win32
		{A2608979-BFBF-3FCB-821B-FC2A0FEFAA68}.RelWithDebInfo|Win32.Build.0 = RelWithDebInfo|Win32
		{8AC4BFBB-576E-3848-8CBD-23C3FC779DBA}.Debug|Win32.ActiveCfg = Debug|Win32
		{8AC4BFBB-576E-3848-8CBD-23C3FC779DBA}.Debug|Win32.Build.0 = Debug|Win32
		{8AC4BFBB-576E-3848-8CBD-23C3FC779DBA}.Release|Win32.ActiveCfg = Release|Win32
		{8AC4BFBB-576E-3848-8CBD-23C3FC779DBA}.Release|Win32.Build.0 = Release|Win32
		{8AC4BFBB-576E-3848-8CBD-23C3FC779DBA}.MinSizeRel|Win32.ActiveCfg = MinSizeRel|Win32
		{8AC4BFBB-576E-3848-8CBD-23C3FC779DBA}.MinSizeRel|Win32.Build.0 = MinSizeRel|Win32
		{8AC4BFBB-576E-3848-8CBD-23C3FC779DBA}.RelWithDebInfo|Win32.ActiveCfg = RelWithDebInfo|Win32
		{8AC4BFBB-576E-3848-8CBD-23C3FC779DBA}.RelWithDebInfo|Win32.Build.0 = RelWithDebInfo|Win32
		{A7D2903F-27F3-3AE0-BB6B-7942D1B8B07A}.Debug|Win32.ActiveCfg = Debug|Win32
		{A7D2903F-27F3-3AE0-BB6B-7942D1B8B07A}.Debug|Win32.Build.0 = Debug|Win32
		{A7D2903F-27F3-3AE0-BB6B-7942D1B8B07A}.Release|Win32.ActiveCfg = Release|Win32
		{A7D2903F-27F3-3AE0-BB6B-7942D1B8B07A}.Release|Win32.Build.0 = Release|Win32
		{A7D2903F-27F3-3AE0-BB6B-7942D1B8B07A}.MinSizeRel|Win32.ActiveCfg = MinSizeRel|Win32
		{A7D2903F-27F3-3AE0-BB6B-7942D1B8B07A}.MinSizeRel|Win32.Build.0 = MinSizeRel|Win32
		{A7D2903F-27F3-3AE0-BB6B-7942D1B8B07A}.RelWithDebInfo|Win32.ActiveCfg = RelWithDebInfo|Win32
		{A7D2903F-27F3-3AE0-BB6B-7942D1B8B07A}.RelWithDebInfo|Win32.Build.0 = RelWithDebInfo|Win32
		{77F1DA2A-E45F-3363-BB5E-C45087F10A6F}.Debug|Win32.ActiveCfg = Debug|Win32
		{77F1DA2A-E45F-3363-BB5E-C45087F10A6F}.Debug|Win32.Build.0 = Debug|Win32
		{77F1DA2A-E45F-3363-BB5E-C45087F10A6F}.Release|Win32.ActiveCfg = Release|Win32
		{77F1DA2A-E45F-3363-BB5E-C45087F10A6F}.Release|Win32.Build.0 = Release|Win32
		{77F1DA2A-E45F-3363-BB5E-C45087F10A6F}.MinSizeRel|Win32.ActiveCfg = MinSizeRel|Win32
		{77F1DA2A-E45F-3363-BB5E-C45087F10A6F}.MinSizeRel|Win32.Build.0 = MinSizeRel|Win32
		{77F1DA2A-E45F-3363-BB5E-C45087F10A6F}.RelWithDebInfo|Win32.ActiveCfg = RelWithDebInfo|Win32
		{77F1DA2A-E45F-3363-BB5E-C45087F10A6F}.RelWithDebInfo|Win32.Build.0 = RelWithDebInfo|Win32
		{2A7FF71C-A35C-3C0E-ADBC-030AFB4F8B83}.Debug|Win32.ActiveCfg = Debug|Win32
		{2A7FF71C-A35C-3C0E-ADBC-030AFB4F8B83}.Debug|Win32.Build.0 = Debug|Win32
		{2A7FF71C-A35C-3C0E-ADBC-030AFB4F8B83}.Release|Win32.ActiveCfg = Release|Win32
		{2A7FF71C-A35C-3C0E-ADBC-030AFB4F8B83}.Release|Win32.Build.0 = Release|Win32
		{2A7FF71C-A35C-3C0E-ADBC-030AFB4F8B83}.MinSizeRel|Win32.ActiveCfg = MinSizeRel|Win32
		{2A7FF71C-A35C-3C0E-ADBC-030AFB4F8B83}.MinSizeRel|Win32.Build.0 = MinSizeRel|Win32
		{2A7FF71C-A35C-3C0E-ADBC-030AFB4F8B83}.RelWithDebInfo|Win32.ActiveCfg = RelWithDebInfo|Win32
		{2A7FF71C-A35C-3C0E-ADBC-030AFB4F8B83}.RelWithDebInfo|Win32.Build.0 = RelWithDebInfo|Win32
		{6FDA2B64-1DE9-3EC5-852A-295B74530FD8}.Debug|Win32.ActiveCfg = Debug|Win32
		{6FDA2B64-1DE9-3EC5-852A-295B74530FD8}.Debug|Win32.Build.0 = Debug|Win32
		{6FDA2B64-1DE9-3EC5-852A-295B74530FD8}.Release|Win32.ActiveCfg = Release|Win32
		{6FDA2B64-1DE9-3EC5-852A-295B74530FD8}.Release|Win32.Build.0 = Release|Win32
		{6FDA2B64-1DE9-3EC5-852A-295B74530FD8}.MinSizeRel|Win32.ActiveCfg = MinSizeRel|Win32
		{6FDA2B64-1DE9-3EC5-852A-295B74530FD8}.MinSizeRel|Win32.Build.0 = MinSizeRel|Win32
		{6FDA2B64-1DE9-3EC5-852A-295B74530FD8}.RelWithDebInfo|Win32.ActiveCfg = RelWithDebInfo|Win32
		{6FDA2B64-1DE9-3EC5-852A-295B74530FD8}.RelWithDebInfo|Win32.Build.0 = RelWithDebInfo|Win32
		{A365D035-6C74-3283-905D-408DD44DB83E}.Debug|Win32.ActiveCfg = Debug|Win32
		{A365D035-6C74-3283-905D-408DD44DB83E}.Debug|Win32.Build.0 = Debug|Win32
		{A365D035-6C74-3283-905D-408DD44DB83E}.Release|Win32.ActiveCfg = Release|Win32
		{A365D035-6C74-3283-905D-408DD44DB83E}.Release|Win32.Build.0 = Release|Win32
		{A365D035-6C74-3283-905D-408DD44DB83E}.MinSizeRel|Win32.ActiveCfg = MinSizeRel|Win32
		{A365D035-6C74-3283-905D-408DD44DB83E}.MinSizeRel|Win32.Build.0 = MinSizeRel|Win32
		{A365D035-6C74-3283-905D-408DD44DB83E}.RelWithDebInfo|Win32.ActiveCfg = RelWithDebInfo|Win32
		{A365D035-6C74-3283-905D-408DD44DB83E}.RelWithDebInfo|Win32.Build.0 = RelWithDebInfo|Win32
		{816E47B1-D0BA-3A6C-A54C-C185A50C2136}.Debug|Win32.ActiveCfg = Debug|Win32
		{816E47B1-D0BA-3A6C-A54C-C185A50C2136}.Debug|Win32.Build.0 = Debug|Win32
		{816E47B1-D0BA-3A6C-A54C-C185A50C2136}.Release|Win32.ActiveCfg = Release|Win32
		{816E47B1-D0BA-3A6C-A54C-C185A50C2136}.Release|Win32.Build.0 = Release|Win32
		{816E47B1-D0BA-3A6C-A54C-C185A50C2136}.MinSizeRel|Win32.ActiveCfg = MinSizeRel|Win32
		{816E47B1-D0BA-3A6C-A54C-C185A50C2136}.MinSizeRel|Win32.Build.0 = MinSizeRel|Win32
		{816E47B1-D0BA-3A6C-A54C-C185A50C2136}.RelWithDebInfo|Win32.ActiveCfg = RelWithDebInfo|Win32
		{816E47B1-D0BA-3A6C-A54C-C185A50C2136}.RelWithDebInfo|Win32.Build.0 = RelWithDebInfo|Win32
		{A91B40A5-B4CD-3C0B-878D-0CC40019D291}.Debug|Win32.ActiveCfg = Debug|Win32
		{A91B40A5-B4CD-3C0B-878D-0CC40019D291}.Debug|Win32.Build.0 = Debug|Win32
		{A91B40A5-B4CD-3C0B-878D-0CC40019D291}.Release|Win32.ActiveCfg = Release|Win32
		{A91B40A5-B4CD-3C0B-878D-0CC40019D291}.Release|Win32.Build.0 = Release|Win32
		{A91B40A5-B4CD-3C0B-878D-0CC40019D291}.MinSizeRel|Win32.ActiveCfg = MinSizeRel|Win32
		{A91B40A5-B4CD-3C0B-878D-0CC40019D291}.MinSizeRel|Win32.Build.0 = MinSizeRel|Win32
		{A91B40A5-B4CD-3C0B-878D-0CC40019D291}.RelWithDebInfo|Win32.ActiveCfg = RelWithDebInfo|Win32
		{A91B40A5-B4CD-3C0B-878D-0CC40019D291}.RelWithDebInfo|Win32.Build.0 = RelWithDebInfo|Win32
		{E93014A1-6E86-3378-8F5F-95A0A4D2FAEC}.Debug|Win32.ActiveCfg = Debug|Win32
		{E93014A1-6E86-3378-8F5F-95A0A4D2FAEC}.Debug|Win32.Build.0 = Debug|Win32
		{E93014A1-6E86-3378-8F5F-95A0A4D2FAEC}.Release|Win32.ActiveCfg = Release|Win32
		{E93014A1-6E86-3378-8F5F-95A0A4D2FAEC}.Release|Win32.Build.0 = Release|Win32
		{E93014A1-6E86-3378-8F5F-95A0A4D2FAEC}.MinSizeRel|Win32.ActiveCfg = MinSizeRel|Win32
		{E93014A1-6E86-3378-8F5F-95A0A4D2FAEC}.MinSizeRel|Win32.Build.0 = MinSizeRel|Win32
		{E93014A1-6E86-3378-8F5F-95A0A4D2FAEC}.RelWithDebInfo|Win32.ActiveCfg = RelWithDebInfo|Win32
		{E93014A1-6E86-3378-8F5F-95A0A4D2FAEC}.RelWithDebInfo|Win32.Build.0 = RelWithDebInfo|Win32
		{59F52733-954E-31EB-8644-0561635BFC02}.Debug|Win32.ActiveCfg = Debug|Win32
		{59F52733-954E-31EB-8644-0561635BFC02}.Debug|Win32.Build.0 = Debug|Win32
		{59F52733-954E-31EB-8644-0561635BFC02}.Release|Win32.ActiveCfg = Release|Win32
		{59F52733-954E-31EB-8644-0561635BFC02}.Release|Win32.Build.0 = Release|Win32
		{59F52733-954E-31EB-8644-0561635BFC02}.MinSizeRel|Win32.ActiveCfg = MinSizeRel|Win32
		{59F52733-954E-31EB-8644-0561635BFC02}.MinSizeRel|Win32.Build.0 = MinSizeRel|Win32
		{59F52733-954E-31EB-8644-0561635BFC02}.RelWithDebInfo|Win32.ActiveCfg = RelWithDebInfo|Win32
		{59F52733-954E-31EB-8644-0561635BFC02}.RelWithDebInfo|Win32.Build.0 = RelWithDebInfo|Win32
		{7983FA59-6681-362D-BFAB-B12956F47FBA}.Debug|Win32.ActiveCfg = Debug|Win32
		{7983FA59-6681-362D-BFAB-B12956F47FBA}.Debug|Win32.Build.0 = Debug|Win32
		{7983FA59-6681-362D-BFAB-B12956F47FBA}.Release|Win32.ActiveCfg = Release|Win32
		{7983FA59-6681-362D-BFAB-B12956F47FBA}.Release|Win32.Build.0 = Release|Win32
		{7983FA59-6681-362D-BFAB-B12956F47FBA}.MinSizeRel|Win32.ActiveCfg = MinSizeRel|Win32
		{7983FA59-6681-362D-BFAB-B12956F47FBA}.MinSizeRel|Win32.Build.0 = MinSizeRel|Win32
		{7983FA59-6681-362D-BFAB-B12956F47FBA}.RelWithDebInfo|Win32.ActiveCfg = RelWithDebInfo|Win32
		{7983FA59-6681-362D-BFAB-B12956F47FBA}.RelWithDebInfo|Win32.Build.0 = RelWithDebInfo|Win32
		{B08A7BFD-1B59-391E-B52E-BF185DC8590A}.Debug|Win32.ActiveCfg = Debug|Win32
		{B08A7BFD-1B59-391E-B52E-BF185DC8590A}.Debug|Win32.Build.0 = Debug|Win32
		{B08A7BFD-1B59-391E-B52E-BF185DC8590A}.Release|Win32.ActiveCfg = Release|Win32
		{B08A7BFD-1B59-391E-B52E-BF185DC8590A}.Release|Win32.Build.0 = Release|Win32
		{B08A7BFD-1B59-391E-B52E-BF185DC8590A}.MinSizeRel|Win32.ActiveCfg = MinSizeRel|Win32
		{B08A7BFD-1B59-391E-B52E-BF185DC8590A}.MinSizeRel|Win32.Build.0 = MinSizeRel|Win32
		{B08A7BFD-1B59-391E-B52E-BF185DC8590A}.RelWithDebInfo|Win32.ActiveCfg = RelWithDebInfo|Win32
		{B08A7BFD-1B59-391E-B52E-BF185DC8590A}.RelWithDebInfo|Win32.Build.0 = RelWithDebInfo|Win32
	EndGlobalSection
	GlobalSection(NestedProjects) = preSolution
		{A0D1272D-858D-362E-A196-F0CD95F53774} = {6DCF2055-C3F0-3356-8CBD-7BAEB66CA098}
		{D72FE2A9-F011-3B2A-AA06-9629A32277A9} = {6DCF2055-C3F0-3356-8CBD-7BAEB66CA098}
		{8AC4BFBB-576E-3848-8CBD-23C3FC779DBA} = {1F3165C0-5C83-3AD2-A5A5-C861BDF0FF65}
		{A7D2903F-27F3-3AE0-BB6B-7942D1B8B07A} = {1F3165C0-5C83-3AD2-A5A5-C861BDF0FF65}
		{77F1DA2A-E45F-3363-BB5E-C45087F10A6F} = {1F3165C0-5C83-3AD2-A5A5-C861BDF0FF65}
		{2A7FF71C-A35C-3C0E-ADBC-030AFB4F8B83} = {1F3165C0-5C83-3AD2-A5A5-C861BDF0FF65}
		{6FDA2B64-1DE9-3EC5-852A-295B74530FD8} = {1F3165C0-5C83-3AD2-A5A5-C861BDF0FF65}
		{A365D035-6C74-3283-905D-408DD44DB83E} = {1F3165C0-5C83-3AD2-A5A5-C861BDF0FF65}
		{816E47B1-D0BA-3A6C-A54C-C185A50C2136} = {1F3165C0-5C83-3AD2-A5A5-C861BDF0FF65}
		{A91B40A5-B4CD-3C0B-878D-0CC40019D291} = {1F3165C0-5C83-3AD2-A5A5-C861BDF0FF65}
		{E93014A1-6E86-3378-8F5F-95A0A4D2FAEC} = {1F3165C0-5C83-3AD2-A5A5-C861BDF0FF65}
		{59F52733-954E-31EB-8644-0561635BFC02} = {1F3165C0-5C83-3AD2-A5A5-C861BDF0FF65}
		{7983FA59-6681-362D-BFAB-B12956F47FBA} = {1F3165C0-5C83-3AD2-A5A5-C861BDF0FF65}
		{A2608979-BFBF-3FCB-821B-FC2A0FEFAA68} = {3E1D4C18-B097-3A33-81D5-B99402E76AB0}
		{CDC37749-9F57-3A92-AF90-C0922255D082} = {7E09121E-CD87-357F-9982-07390F4FFD23}
	EndGlobalSection
	GlobalSection(ExtensibilityGlobals) = postSolution
		SolutionGuid = {3E33C83E-947B-3121-9576-9DBC080A14CC}
	EndGlobalSection
	GlobalSection(ExtensibilityAddIns) = postSolution
	EndGlobalSection
EndGlobal
