
Microsoft Visual Studio Solution File, Format Version 12.00
# Visual Studio 15
Project("{2150E333-8FDC-42A3-9474-1A3956D46DE8}") = "CMakePredefinedTargets", "CMakePredefinedTargets", "{9D164442-737E-33CF-96EA-79B499B8D6D1}"
EndProject
Project("{2150E333-8FDC-42A3-9474-1A3956D46DE8}") = "External", "External", "{FD294E32-CEB6-36AE-B317-D60941CCD742}"
EndProject
Project("{2150E333-8FDC-42A3-9474-1A3956D46DE8}") = "Internal", "Internal", "{233972A7-38E7-38AB-880E-E04534CA1F0F}"
EndProject
Project("{2150E333-8FDC-42A3-9474-1A3956D46DE8}") = "Utils", "Utils", "{D5536D8E-F5A3-3DBD-8F8B-321EDD9D681B}"
EndProject
Project("{8BC9CEB8-8B4A-11D0-8D11-00A0C91BC942}") = "ALL_BUILD", "ALL_BUILD.vcxproj", "{4970D8D0-51CF-3CD3-B35E-E0834638F0AF}"
	ProjectSection(ProjectDependencies) = postProject
		{5E052C66-BCF6-35EC-B136-C9F43A9C96C3} = {5E052C66-BCF6-35EC-B136-C9F43A9C96C3}
		{C2EC2E7A-FD5A-38D9-BAE7-920B85B1B94E} = {C2EC2E7A-FD5A-38D9-BAE7-920B85B1B94E}
		{1CAEF5C2-B595-3E13-812A-769748DABDC5} = {1CAEF5C2-B595-3E13-812A-769748DABDC5}
		{194B1798-1837-30CB-81C0-B297CD108B94} = {194B1798-1837-30CB-81C0-B297CD108B94}
		{A91E08FC-382A-33CD-A103-5E7B710F3622} = {A91E08FC-382A-33CD-A103-5E7B710F3622}
		{AF04BF57-052D-3B29-A7F3-5F3B8230416E} = {AF04BF57-052D-3B29-A7F3-5F3B8230416E}
		{750F08CC-75E4-31E4-A64D-95902006C128} = {750F08CC-75E4-31E4-A64D-95902006C128}
		{71490631-CEFC-3E56-8998-AF98DD75BCCC} = {71490631-CEFC-3E56-8998-AF98DD75BCCC}
		{2D280213-18E3-3F93-AAC7-89E024EEFD40} = {2D280213-18E3-3F93-AAC7-89E024EEFD40}
		{B0142CAE-01B2-3143-A85E-A141DC0A04E9} = {B0142CAE-01B2-3143-A85E-A141DC0A04E9}
		{9AC9ABC1-5E51-3501-A625-1BCB2C34022A} = {9AC9ABC1-5E51-3501-A625-1BCB2C34022A}
		{34338C5E-ED48-3BB7-9BB3-DE07C79D3D30} = {34338C5E-ED48-3BB7-9BB3-DE07C79D3D30}
		{24C251CF-449F-38B3-A2C7-13B8CA711657} = {24C251CF-449F-38B3-A2C7-13B8CA711657}
		{54E3FCCE-5433-386C-B67B-0960548686FB} = {54E3FCCE-5433-386C-B67B-0960548686FB}
		{AA859273-6C76-36A5-AFA7-9B35F3A0BD7C} = {AA859273-6C76-36A5-AFA7-9B35F3A0BD7C}
	EndProjectSection
EndProject
Project("{8BC9CEB8-8B4A-11D0-8D11-00A0C91BC942}") = "SYNC_RESOURCE-minesweeper", "SYNC_RESOURCE-minesweeper.vcxproj", "{5E052C66-BCF6-35EC-B136-C9F43A9C96C3}"
	ProjectSection(ProjectDependencies) = postProject
		{C2EC2E7A-FD5A-38D9-BAE7-920B85B1B94E} = {C2EC2E7A-FD5A-38D9-BAE7-920B85B1B94E}
	EndProjectSection
EndProject
Project("{8BC9CEB8-8B4A-11D0-8D11-00A0C91BC942}") = "ZERO_CHECK", "ZERO_CHECK.vcxproj", "{C2EC2E7A-FD5A-38D9-BAE7-920B85B1B94E}"
	ProjectSection(ProjectDependencies) = postProject
	EndProjectSection
EndProject
Project("{8BC9CEB8-8B4A-11D0-8D11-00A0C91BC942}") = "cocos2d", "engine\cocos\core\cocos2d.vcxproj", "{1CAEF5C2-B595-3E13-812A-769748DABDC5}"
	ProjectSection(ProjectDependencies) = postProject
		{C2EC2E7A-FD5A-38D9-BAE7-920B85B1B94E} = {C2EC2E7A-FD5A-38D9-BAE7-920B85B1B94E}
		{194B1798-1837-30CB-81C0-B297CD108B94} = {194B1798-1837-30CB-81C0-B297CD108B94}
		{A91E08FC-382A-33CD-A103-5E7B710F3622} = {A91E08FC-382A-33CD-A103-5E7B710F3622}
		{AF04BF57-052D-3B29-A7F3-5F3B8230416E} = {AF04BF57-052D-3B29-A7F3-5F3B8230416E}
		{750F08CC-75E4-31E4-A64D-95902006C128} = {750F08CC-75E4-31E4-A64D-95902006C128}
		{71490631-CEFC-3E56-8998-AF98DD75BCCC} = {71490631-CEFC-3E56-8998-AF98DD75BCCC}
		{2D280213-18E3-3F93-AAC7-89E024EEFD40} = {2D280213-18E3-3F93-AAC7-89E024EEFD40}
		{B0142CAE-01B2-3143-A85E-A141DC0A04E9} = {B0142CAE-01B2-3143-A85E-A141DC0A04E9}
		{9AC9ABC1-5E51-3501-A625-1BCB2C34022A} = {9AC9ABC1-5E51-3501-A625-1BCB2C34022A}
		{34338C5E-ED48-3BB7-9BB3-DE07C79D3D30} = {34338C5E-ED48-3BB7-9BB3-DE07C79D3D30}
		{24C251CF-449F-38B3-A2C7-13B8CA711657} = {24C251CF-449F-38B3-A2C7-13B8CA711657}
		{54E3FCCE-5433-386C-B67B-0960548686FB} = {54E3FCCE-5433-386C-B67B-0960548686FB}
	EndProjectSection
EndProject
Project("{8BC9CEB8-8B4A-11D0-8D11-00A0C91BC942}") = "ext_clipper", "engine\external\clipper\ext_clipper.vcxproj", "{194B1798-1837-30CB-81C0-B297CD108B94}"
	ProjectSection(ProjectDependencies) = postProject
		{C2EC2E7A-FD5A-38D9-BAE7-920B85B1B94E} = {C2EC2E7A-FD5A-38D9-BAE7-920B85B1B94E}
	EndProjectSection
EndProject
Project("{8BC9CEB8-8B4A-11D0-8D11-00A0C91BC942}") = "ext_convertUTF", "engine\external\ConvertUTF\ext_convertUTF.vcxproj", "{A91E08FC-382A-33CD-A103-5E7B710F3622}"
	ProjectSection(ProjectDependencies) = postProject
		{C2EC2E7A-FD5A-38D9-BAE7-920B85B1B94E} = {C2EC2E7A-FD5A-38D9-BAE7-920B85B1B94E}
	EndProjectSection
EndProject
Project("{8BC9CEB8-8B4A-11D0-8D11-00A0C91BC942}") = "ext_edtaa3func", "engine\external\edtaa3func\ext_edtaa3func.vcxproj", "{AF04BF57-052D-3B29-A7F3-5F3B8230416E}"
	ProjectSection(ProjectDependencies) = postProject
		{C2EC2E7A-FD5A-38D9-BAE7-920B85B1B94E} = {C2EC2E7A-FD5A-38D9-BAE7-920B85B1B94E}
	EndProjectSection
EndProject
Project("{8BC9CEB8-8B4A-11D0-8D11-00A0C91BC942}") = "ext_md5", "engine\external\md5\ext_md5.vcxproj", "{750F08CC-75E4-31E4-A64D-95902006C128}"
	ProjectSection(ProjectDependencies) = postProject
		{C2EC2E7A-FD5A-38D9-BAE7-920B85B1B94E} = {C2EC2E7A-FD5A-38D9-BAE7-920B85B1B94E}
	EndProjectSection
EndProject
Project("{8BC9CEB8-8B4A-11D0-8D11-00A0C91BC942}") = "ext_poly2tri", "engine\external\poly2tri\ext_poly2tri.vcxproj", "{71490631-CEFC-3E56-8998-AF98DD75BCCC}"
	ProjectSection(ProjectDependencies) = postProject
		{C2EC2E7A-FD5A-38D9-BAE7-920B85B1B94E} = {C2EC2E7A-FD5A-38D9-BAE7-920B85B1B94E}
	EndProjectSection
EndProject
Project("{8BC9CEB8-8B4A-11D0-8D11-00A0C91BC942}") = "ext_recast", "engine\external\recast\ext_recast.vcxproj", "{2D280213-18E3-3F93-AAC7-89E024EEFD40}"
	ProjectSection(ProjectDependencies) = postProject
		{C2EC2E7A-FD5A-38D9-BAE7-920B85B1B94E} = {C2EC2E7A-FD5A-38D9-BAE7-920B85B1B94E}
	EndProjectSection
EndProject
Project("{8BC9CEB8-8B4A-11D0-8D11-00A0C91BC942}") = "ext_tinyxml2", "engine\external\tinyxml2\ext_tinyxml2.vcxproj", "{B0142CAE-01B2-3143-A85E-A141DC0A04E9}"
	ProjectSection(ProjectDependencies) = postProject
		{C2EC2E7A-FD5A-38D9-BAE7-920B85B1B94E} = {C2EC2E7A-FD5A-38D9-BAE7-920B85B1B94E}
	EndProjectSection
EndProject
Project("{8BC9CEB8-8B4A-11D0-8D11-00A0C91BC942}") = "ext_unzip", "engine\external\unzip\ext_unzip.vcxproj", "{9AC9ABC1-5E51-3501-A625-1BCB2C34022A}"
	ProjectSection(ProjectDependencies) = postProject
		{C2EC2E7A-FD5A-38D9-BAE7-920B85B1B94E} = {C2EC2E7A-FD5A-38D9-BAE7-920B85B1B94E}
	EndProjectSection
EndProject
Project("{8BC9CEB8-8B4A-11D0-8D11-00A0C91BC942}") = "ext_xxhash", "engine\external\xxhash\ext_xxhash.vcxproj", "{34338C5E-ED48-3BB7-9BB3-DE07C79D3D30}"
	ProjectSection(ProjectDependencies) = postProject
		{C2EC2E7A-FD5A-38D9-BAE7-920B85B1B94E} = {C2EC2E7A-FD5A-38D9-BAE7-920B85B1B94E}
	EndProjectSection
EndProject
Project("{8BC9CEB8-8B4A-11D0-8D11-00A0C91BC942}") = "ext_xxtea", "engine\external\xxtea\ext_xxtea.vcxproj", "{24C251CF-449F-38B3-A2C7-13B8CA711657}"
	ProjectSection(ProjectDependencies) = postProject
		{C2EC2E7A-FD5A-38D9-BAE7-920B85B1B94E} = {C2EC2E7A-FD5A-38D9-BAE7-920B85B1B94E}
	EndProjectSection
EndProject
Project("{8BC9CEB8-8B4A-11D0-8D11-00A0C91BC942}") = "external", "engine\external\external.vcxproj", "{54E3FCCE-5433-386C-B67B-0960548686FB}"
	ProjectSection(ProjectDependencies) = postProject
		{C2EC2E7A-FD5A-38D9-BAE7-920B85B1B94E} = {C2EC2E7A-FD5A-38D9-BAE7-920B85B1B94E}
		{194B1798-1837-30CB-81C0-B297CD108B94} = {194B1798-1837-30CB-81C0-B297CD108B94}
		{A91E08FC-382A-33CD-A103-5E7B710F3622} = {A91E08FC-382A-33CD-A103-5E7B710F3622}
		{AF04BF57-052D-3B29-A7F3-5F3B8230416E} = {AF04BF57-052D-3B29-A7F3-5F3B8230416E}
		{750F08CC-75E4-31E4-A64D-95902006C128} = {750F08CC-75E4-31E4-A64D-95902006C128}
		{71490631-CEFC-3E56-8998-AF98DD75BCCC} = {71490631-CEFC-3E56-8998-AF98DD75BCCC}
		{2D280213-18E3-3F93-AAC7-89E024EEFD40} = {2D280213-18E3-3F93-AAC7-89E024EEFD40}
		{B0142CAE-01B2-3143-A85E-A141DC0A04E9} = {B0142CAE-01B2-3143-A85E-A141DC0A04E9}
		{9AC9ABC1-5E51-3501-A625-1BCB2C34022A} = {9AC9ABC1-5E51-3501-A625-1BCB2C34022A}
		{34338C5E-ED48-3BB7-9BB3-DE07C79D3D30} = {34338C5E-ED48-3BB7-9BB3-DE07C79D3D30}
		{24C251CF-449F-38B3-A2C7-13B8CA711657} = {24C251CF-449F-38B3-A2C7-13B8CA711657}
	EndProjectSection
EndProject
Project("{8BC9CEB8-8B4A-11D0-8D11-00A0C91BC942}") = "minesweeper", "minesweeper.vcxproj", "{AA859273-6C76-36A5-AFA7-9B35F3A0BD7C}"
	ProjectSection(ProjectDependencies) = postProject
		{5E052C66-BCF6-35EC-B136-C9F43A9C96C3} = {5E052C66-BCF6-35EC-B136-C9F43A9C96C3}
		{C2EC2E7A-FD5A-38D9-BAE7-920B85B1B94E} = {C2EC2E7A-FD5A-38D9-BAE7-920B85B1B94E}
		{1CAEF5C2-B595-3E13-812A-769748DABDC5} = {1CAEF5C2-B595-3E13-812A-769748DABDC5}
		{194B1798-1837-30CB-81C0-B297CD108B94} = {194B1798-1837-30CB-81C0-B297CD108B94}
		{A91E08FC-382A-33CD-A103-5E7B710F3622} = {A91E08FC-382A-33CD-A103-5E7B710F3622}
		{AF04BF57-052D-3B29-A7F3-5F3B8230416E} = {AF04BF57-052D-3B29-A7F3-5F3B8230416E}
		{750F08CC-75E4-31E4-A64D-95902006C128} = {750F08CC-75E4-31E4-A64D-95902006C128}
		{71490631-CEFC-3E56-8998-AF98DD75BCCC} = {71490631-CEFC-3E56-8998-AF98DD75BCCC}
		{2D280213-18E3-3F93-AAC7-89E024EEFD40} = {2D280213-18E3-3F93-AAC7-89E024EEFD40}
		{B0142CAE-01B2-3143-A85E-A141DC0A04E9} = {B0142CAE-01B2-3143-A85E-A141DC0A04E9}
		{9AC9ABC1-5E51-3501-A625-1BCB2C34022A} = {9AC9ABC1-5E51-3501-A625-1BCB2C34022A}
		{34338C5E-ED48-3BB7-9BB3-DE07C79D3D30} = {34338C5E-ED48-3BB7-9BB3-DE07C79D3D30}
		{24C251CF-449F-38B3-A2C7-13B8CA711657} = {24C251CF-449F-38B3-A2C7-13B8CA711657}
		{54E3FCCE-5433-386C-B67B-0960548686FB} = {54E3FCCE-5433-386C-B67B-0960548686FB}
	EndProjectSection
EndProject
Global
	GlobalSection(SolutionConfigurationPlatforms) = preSolution
		Debug|Win32 = Debug|Win32
		Release|Win32 = Release|Win32
		MinSizeRel|Win32 = MinSizeRel|Win32
		RelWithDebInfo|Win32 = RelWithDebInfo|Win32
	EndGlobalSection
	GlobalSection(ProjectConfigurationPlatforms) = postSolution
		{4970D8D0-51CF-3CD3-B35E-E0834638F0AF}.Debug|Win32.ActiveCfg = Debug|Win32
		{4970D8D0-51CF-3CD3-B35E-E0834638F0AF}.Release|Win32.ActiveCfg = Release|Win32
		{4970D8D0-51CF-3CD3-B35E-E0834638F0AF}.MinSizeRel|Win32.ActiveCfg = MinSizeRel|Win32
		{4970D8D0-51CF-3CD3-B35E-E0834638F0AF}.RelWithDebInfo|Win32.ActiveCfg = RelWithDebInfo|Win32
		{5E052C66-BCF6-35EC-B136-C9F43A9C96C3}.Debug|Win32.ActiveCfg = Debug|Win32
		{5E052C66-BCF6-35EC-B136-C9F43A9C96C3}.Debug|Win32.Build.0 = Debug|Win32
		{5E052C66-BCF6-35EC-B136-C9F43A9C96C3}.Release|Win32.ActiveCfg = Release|Win32
		{5E052C66-BCF6-35EC-B136-C9F43A9C96C3}.Release|Win32.Build.0 = Release|Win32
		{5E052C66-BCF6-35EC-B136-C9F43A9C96C3}.MinSizeRel|Win32.ActiveCfg = MinSizeRel|Win32
		{5E052C66-BCF6-35EC-B136-C9F43A9C96C3}.MinSizeRel|Win32.Build.0 = MinSizeRel|Win32
		{5E052C66-BCF6-35EC-B136-C9F43A9C96C3}.RelWithDebInfo|Win32.ActiveCfg = RelWithDebInfo|Win32
		{5E052C66-BCF6-35EC-B136-C9F43A9C96C3}.RelWithDebInfo|Win32.Build.0 = RelWithDebInfo|Win32
		{C2EC2E7A-FD5A-38D9-BAE7-920B85B1B94E}.Debug|Win32.ActiveCfg = Debug|Win32
		{C2EC2E7A-FD5A-38D9-BAE7-920B85B1B94E}.Debug|Win32.Build.0 = Debug|Win32
		{C2EC2E7A-FD5A-38D9-BAE7-920B85B1B94E}.Release|Win32.ActiveCfg = Release|Win32
		{C2EC2E7A-FD5A-38D9-BAE7-920B85B1B94E}.Release|Win32.Build.0 = Release|Win32
		{C2EC2E7A-FD5A-38D9-BAE7-920B85B1B94E}.MinSizeRel|Win32.ActiveCfg = MinSizeRel|Win32
		{C2EC2E7A-FD5A-38D9-BAE7-920B85B1B94E}.MinSizeRel|Win32.Build.0 = MinSizeRel|Win32
		{C2EC2E7A-FD5A-38D9-BAE7-920B85B1B94E}.RelWithDebInfo|Win32.ActiveCfg = RelWithDebInfo|Win32
		{C2EC2E7A-FD5A-38D9-BAE7-920B85B1B94E}.RelWithDebInfo|Win32.Build.0 = RelWithDebInfo|Win32
		{1CAEF5C2-B595-3E13-812A-769748DABDC5}.Debug|Win32.ActiveCfg = Debug|Win32
		{1CAEF5C2-B595-3E13-812A-769748DABDC5}.Debug|Win32.Build.0 = Debug|Win32
		{1CAEF5C2-B595-3E13-812A-769748DABDC5}.Release|Win32.ActiveCfg = Release|Win32
		{1CAEF5C2-B595-3E13-812A-769748DABDC5}.Release|Win32.Build.0 = Release|Win32
		{1CAEF5C2-B595-3E13-812A-769748DABDC5}.MinSizeRel|Win32.ActiveCfg = MinSizeRel|Win32
		{1CAEF5C2-B595-3E13-812A-769748DABDC5}.MinSizeRel|Win32.Build.0 = MinSizeRel|Win32
		{1CAEF5C2-B595-3E13-812A-769748DABDC5}.RelWithDebInfo|Win32.ActiveCfg = RelWithDebInfo|Win32
		{1CAEF5C2-B595-3E13-812A-769748DABDC5}.RelWithDebInfo|Win32.Build.0 = RelWithDebInfo|Win32
		{194B1798-1837-30CB-81C0-B297CD108B94}.Debug|Win32.ActiveCfg = Debug|Win32
		{194B1798-1837-30CB-81C0-B297CD108B94}.Debug|Win32.Build.0 = Debug|Win32
		{194B1798-1837-30CB-81C0-B297CD108B94}.Release|Win32.ActiveCfg = Release|Win32
		{194B1798-1837-30CB-81C0-B297CD108B94}.Release|Win32.Build.0 = Release|Win32
		{194B1798-1837-30CB-81C0-B297CD108B94}.MinSizeRel|Win32.ActiveCfg = MinSizeRel|Win32
		{194B1798-1837-30CB-81C0-B297CD108B94}.MinSizeRel|Win32.Build.0 = MinSizeRel|Win32
		{194B1798-1837-30CB-81C0-B297CD108B94}.RelWithDebInfo|Win32.ActiveCfg = RelWithDebInfo|Win32
		{194B1798-1837-30CB-81C0-B297CD108B94}.RelWithDebInfo|Win32.Build.0 = RelWithDebInfo|Win32
		{A91E08FC-382A-33CD-A103-5E7B710F3622}.Debug|Win32.ActiveCfg = Debug|Win32
		{A91E08FC-382A-33CD-A103-5E7B710F3622}.Debug|Win32.Build.0 = Debug|Win32
		{A91E08FC-382A-33CD-A103-5E7B710F3622}.Release|Win32.ActiveCfg = Release|Win32
		{A91E08FC-382A-33CD-A103-5E7B710F3622}.Release|Win32.Build.0 = Release|Win32
		{A91E08FC-382A-33CD-A103-5E7B710F3622}.MinSizeRel|Win32.ActiveCfg = MinSizeRel|Win32
		{A91E08FC-382A-33CD-A103-5E7B710F3622}.MinSizeRel|Win32.Build.0 = MinSizeRel|Win32
		{A91E08FC-382A-33CD-A103-5E7B710F3622}.RelWithDebInfo|Win32.ActiveCfg = RelWithDebInfo|Win32
		{A91E08FC-382A-33CD-A103-5E7B710F3622}.RelWithDebInfo|Win32.Build.0 = RelWithDebInfo|Win32
		{AF04BF57-052D-3B29-A7F3-5F3B8230416E}.Debug|Win32.ActiveCfg = Debug|Win32
		{AF04BF57-052D-3B29-A7F3-5F3B8230416E}.Debug|Win32.Build.0 = Debug|Win32
		{AF04BF57-052D-3B29-A7F3-5F3B8230416E}.Release|Win32.ActiveCfg = Release|Win32
		{AF04BF57-052D-3B29-A7F3-5F3B8230416E}.Release|Win32.Build.0 = Release|Win32
		{AF04BF57-052D-3B29-A7F3-5F3B8230416E}.MinSizeRel|Win32.ActiveCfg = MinSizeRel|Win32
		{AF04BF57-052D-3B29-A7F3-5F3B8230416E}.MinSizeRel|Win32.Build.0 = MinSizeRel|Win32
		{AF04BF57-052D-3B29-A7F3-5F3B8230416E}.RelWithDebInfo|Win32.ActiveCfg = RelWithDebInfo|Win32
		{AF04BF57-052D-3B29-A7F3-5F3B8230416E}.RelWithDebInfo|Win32.Build.0 = RelWithDebInfo|Win32
		{750F08CC-75E4-31E4-A64D-95902006C128}.Debug|Win32.ActiveCfg = Debug|Win32
		{750F08CC-75E4-31E4-A64D-95902006C128}.Debug|Win32.Build.0 = Debug|Win32
		{750F08CC-75E4-31E4-A64D-95902006C128}.Release|Win32.ActiveCfg = Release|Win32
		{750F08CC-75E4-31E4-A64D-95902006C128}.Release|Win32.Build.0 = Release|Win32
		{750F08CC-75E4-31E4-A64D-95902006C128}.MinSizeRel|Win32.ActiveCfg = MinSizeRel|Win32
		{750F08CC-75E4-31E4-A64D-95902006C128}.MinSizeRel|Win32.Build.0 = MinSizeRel|Win32
		{750F08CC-75E4-31E4-A64D-95902006C128}.RelWithDebInfo|Win32.ActiveCfg = RelWithDebInfo|Win32
		{750F08CC-75E4-31E4-A64D-95902006C128}.RelWithDebInfo|Win32.Build.0 = RelWithDebInfo|Win32
		{71490631-CEFC-3E56-8998-AF98DD75BCCC}.Debug|Win32.ActiveCfg = Debug|Win32
		{71490631-CEFC-3E56-8998-AF98DD75BCCC}.Debug|Win32.Build.0 = Debug|Win32
		{71490631-CEFC-3E56-8998-AF98DD75BCCC}.Release|Win32.ActiveCfg = Release|Win32
		{71490631-CEFC-3E56-8998-AF98DD75BCCC}.Release|Win32.Build.0 = Release|Win32
		{71490631-CEFC-3E56-8998-AF98DD75BCCC}.MinSizeRel|Win32.ActiveCfg = MinSizeRel|Win32
		{71490631-CEFC-3E56-8998-AF98DD75BCCC}.MinSizeRel|Win32.Build.0 = MinSizeRel|Win32
		{71490631-CEFC-3E56-8998-AF98DD75BCCC}.RelWithDebInfo|Win32.ActiveCfg = RelWithDebInfo|Win32
		{71490631-CEFC-3E56-8998-AF98DD75BCCC}.RelWithDebInfo|Win32.Build.0 = RelWithDebInfo|Win32
		{2D280213-18E3-3F93-AAC7-89E024EEFD40}.Debug|Win32.ActiveCfg = Debug|Win32
		{2D280213-18E3-3F93-AAC7-89E024EEFD40}.Debug|Win32.Build.0 = Debug|Win32
		{2D280213-18E3-3F93-AAC7-89E024EEFD40}.Release|Win32.ActiveCfg = Release|Win32
		{2D280213-18E3-3F93-AAC7-89E024EEFD40}.Release|Win32.Build.0 = Release|Win32
		{2D280213-18E3-3F93-AAC7-89E024EEFD40}.MinSizeRel|Win32.ActiveCfg = MinSizeRel|Win32
		{2D280213-18E3-3F93-AAC7-89E024EEFD40}.MinSizeRel|Win32.Build.0 = MinSizeRel|Win32
		{2D280213-18E3-3F93-AAC7-89E024EEFD40}.RelWithDebInfo|Win32.ActiveCfg = RelWithDebInfo|Win32
		{2D280213-18E3-3F93-AAC7-89E024EEFD40}.RelWithDebInfo|Win32.Build.0 = RelWithDebInfo|Win32
		{B0142CAE-01B2-3143-A85E-A141DC0A04E9}.Debug|Win32.ActiveCfg = Debug|Win32
		{B0142CAE-01B2-3143-A85E-A141DC0A04E9}.Debug|Win32.Build.0 = Debug|Win32
		{B0142CAE-01B2-3143-A85E-A141DC0A04E9}.Release|Win32.ActiveCfg = Release|Win32
		{B0142CAE-01B2-3143-A85E-A141DC0A04E9}.Release|Win32.Build.0 = Release|Win32
		{B0142CAE-01B2-3143-A85E-A141DC0A04E9}.MinSizeRel|Win32.ActiveCfg = MinSizeRel|Win32
		{B0142CAE-01B2-3143-A85E-A141DC0A04E9}.MinSizeRel|Win32.Build.0 = MinSizeRel|Win32
		{B0142CAE-01B2-3143-A85E-A141DC0A04E9}.RelWithDebInfo|Win32.ActiveCfg = RelWithDebInfo|Win32
		{B0142CAE-01B2-3143-A85E-A141DC0A04E9}.RelWithDebInfo|Win32.Build.0 = RelWithDebInfo|Win32
		{9AC9ABC1-5E51-3501-A625-1BCB2C34022A}.Debug|Win32.ActiveCfg = Debug|Win32
		{9AC9ABC1-5E51-3501-A625-1BCB2C34022A}.Debug|Win32.Build.0 = Debug|Win32
		{9AC9ABC1-5E51-3501-A625-1BCB2C34022A}.Release|Win32.ActiveCfg = Release|Win32
		{9AC9ABC1-5E51-3501-A625-1BCB2C34022A}.Release|Win32.Build.0 = Release|Win32
		{9AC9ABC1-5E51-3501-A625-1BCB2C34022A}.MinSizeRel|Win32.ActiveCfg = MinSizeRel|Win32
		{9AC9ABC1-5E51-3501-A625-1BCB2C34022A}.MinSizeRel|Win32.Build.0 = MinSizeRel|Win32
		{9AC9ABC1-5E51-3501-A625-1BCB2C34022A}.RelWithDebInfo|Win32.ActiveCfg = RelWithDebInfo|Win32
		{9AC9ABC1-5E51-3501-A625-1BCB2C34022A}.RelWithDebInfo|Win32.Build.0 = RelWithDebInfo|Win32
		{34338C5E-ED48-3BB7-9BB3-DE07C79D3D30}.Debug|Win32.ActiveCfg = Debug|Win32
		{34338C5E-ED48-3BB7-9BB3-DE07C79D3D30}.Debug|Win32.Build.0 = Debug|Win32
		{34338C5E-ED48-3BB7-9BB3-DE07C79D3D30}.Release|Win32.ActiveCfg = Release|Win32
		{34338C5E-ED48-3BB7-9BB3-DE07C79D3D30}.Release|Win32.Build.0 = Release|Win32
		{34338C5E-ED48-3BB7-9BB3-DE07C79D3D30}.MinSizeRel|Win32.ActiveCfg = MinSizeRel|Win32
		{34338C5E-ED48-3BB7-9BB3-DE07C79D3D30}.MinSizeRel|Win32.Build.0 = MinSizeRel|Win32
		{34338C5E-ED48-3BB7-9BB3-DE07C79D3D30}.RelWithDebInfo|Win32.ActiveCfg = RelWithDebInfo|Win32
		{34338C5E-ED48-3BB7-9BB3-DE07C79D3D30}.RelWithDebInfo|Win32.Build.0 = RelWithDebInfo|Win32
		{24C251CF-449F-38B3-A2C7-13B8CA711657}.Debug|Win32.ActiveCfg = Debug|Win32
		{24C251CF-449F-38B3-A2C7-13B8CA711657}.Debug|Win32.Build.0 = Debug|Win32
		{24C251CF-449F-38B3-A2C7-13B8CA711657}.Release|Win32.ActiveCfg = Release|Win32
		{24C251CF-449F-38B3-A2C7-13B8CA711657}.Release|Win32.Build.0 = Release|Win32
		{24C251CF-449F-38B3-A2C7-13B8CA711657}.MinSizeRel|Win32.ActiveCfg = MinSizeRel|Win32
		{24C251CF-449F-38B3-A2C7-13B8CA711657}.MinSizeRel|Win32.Build.0 = MinSizeRel|Win32
		{24C251CF-449F-38B3-A2C7-13B8CA711657}.RelWithDebInfo|Win32.ActiveCfg = RelWithDebInfo|Win32
		{24C251CF-449F-38B3-A2C7-13B8CA711657}.RelWithDebInfo|Win32.Build.0 = RelWithDebInfo|Win32
		{54E3FCCE-5433-386C-B67B-0960548686FB}.Debug|Win32.ActiveCfg = Debug|Win32
		{54E3FCCE-5433-386C-B67B-0960548686FB}.Debug|Win32.Build.0 = Debug|Win32
		{54E3FCCE-5433-386C-B67B-0960548686FB}.Release|Win32.ActiveCfg = Release|Win32
		{54E3FCCE-5433-386C-B67B-0960548686FB}.Release|Win32.Build.0 = Release|Win32
		{54E3FCCE-5433-386C-B67B-0960548686FB}.MinSizeRel|Win32.ActiveCfg = MinSizeRel|Win32
		{54E3FCCE-5433-386C-B67B-0960548686FB}.MinSizeRel|Win32.Build.0 = MinSizeRel|Win32
		{54E3FCCE-5433-386C-B67B-0960548686FB}.RelWithDebInfo|Win32.ActiveCfg = RelWithDebInfo|Win32
		{54E3FCCE-5433-386C-B67B-0960548686FB}.RelWithDebInfo|Win32.Build.0 = RelWithDebInfo|Win32
		{AA859273-6C76-36A5-AFA7-9B35F3A0BD7C}.Debug|Win32.ActiveCfg = Debug|Win32
		{AA859273-6C76-36A5-AFA7-9B35F3A0BD7C}.Debug|Win32.Build.0 = Debug|Win32
		{AA859273-6C76-36A5-AFA7-9B35F3A0BD7C}.Release|Win32.ActiveCfg = Release|Win32
		{AA859273-6C76-36A5-AFA7-9B35F3A0BD7C}.Release|Win32.Build.0 = Release|Win32
		{AA859273-6C76-36A5-AFA7-9B35F3A0BD7C}.MinSizeRel|Win32.ActiveCfg = MinSizeRel|Win32
		{AA859273-6C76-36A5-AFA7-9B35F3A0BD7C}.MinSizeRel|Win32.Build.0 = MinSizeRel|Win32
		{AA859273-6C76-36A5-AFA7-9B35F3A0BD7C}.RelWithDebInfo|Win32.ActiveCfg = RelWithDebInfo|Win32
		{AA859273-6C76-36A5-AFA7-9B35F3A0BD7C}.RelWithDebInfo|Win32.Build.0 = RelWithDebInfo|Win32
	EndGlobalSection
	GlobalSection(NestedProjects) = preSolution
		{4970D8D0-51CF-3CD3-B35E-E0834638F0AF} = {9D164442-737E-33CF-96EA-79B499B8D6D1}
		{C2EC2E7A-FD5A-38D9-BAE7-920B85B1B94E} = {9D164442-737E-33CF-96EA-79B499B8D6D1}
		{194B1798-1837-30CB-81C0-B297CD108B94} = {FD294E32-CEB6-36AE-B317-D60941CCD742}
		{A91E08FC-382A-33CD-A103-5E7B710F3622} = {FD294E32-CEB6-36AE-B317-D60941CCD742}
		{AF04BF57-052D-3B29-A7F3-5F3B8230416E} = {FD294E32-CEB6-36AE-B317-D60941CCD742}
		{750F08CC-75E4-31E4-A64D-95902006C128} = {FD294E32-CEB6-36AE-B317-D60941CCD742}
		{71490631-CEFC-3E56-8998-AF98DD75BCCC} = {FD294E32-CEB6-36AE-B317-D60941CCD742}
		{2D280213-18E3-3F93-AAC7-89E024EEFD40} = {FD294E32-CEB6-36AE-B317-D60941CCD742}
		{B0142CAE-01B2-3143-A85E-A141DC0A04E9} = {FD294E32-CEB6-36AE-B317-D60941CCD742}
		{9AC9ABC1-5E51-3501-A625-1BCB2C34022A} = {FD294E32-CEB6-36AE-B317-D60941CCD742}
		{34338C5E-ED48-3BB7-9BB3-DE07C79D3D30} = {FD294E32-CEB6-36AE-B317-D60941CCD742}
		{24C251CF-449F-38B3-A2C7-13B8CA711657} = {FD294E32-CEB6-36AE-B317-D60941CCD742}
		{54E3FCCE-5433-386C-B67B-0960548686FB} = {FD294E32-CEB6-36AE-B317-D60941CCD742}
		{1CAEF5C2-B595-3E13-812A-769748DABDC5} = {233972A7-38E7-38AB-880E-E04534CA1F0F}
		{5E052C66-BCF6-35EC-B136-C9F43A9C96C3} = {D5536D8E-F5A3-3DBD-8F8B-321EDD9D681B}
	EndGlobalSection
	GlobalSection(ExtensibilityGlobals) = postSolution
		SolutionGuid = {C8034253-AD07-3D8B-A3E7-A5B7B6377FCA}
	EndGlobalSection
	GlobalSection(ExtensibilityAddIns) = postSolution
	EndGlobalSection
EndGlobal
