<?xml version="1.0" encoding="utf-8"?>
<Project ToolsVersion="15.0" xmlns="http://schemas.microsoft.com/developer/msbuild/2003">
  <ItemGroup>
    <ClCompile Include="C:\Users\eudes\Desktop\Manifesto\Minesweeper-Cpp\Classes\AppDelegate.cpp">
      <Filter>Source Files\Classes</Filter>
    </ClCompile>
    <ClCompile Include="C:\Users\eudes\Desktop\Manifesto\Minesweeper-Cpp\Classes\GameScene.cpp">
      <Filter>Source Files\Classes</Filter>
    </ClCompile>
    <ClCompile Include="C:\Users\eudes\Desktop\Manifesto\Minesweeper-Cpp\Classes\BoardMap.cpp">
      <Filter>Source Files\Classes</Filter>
    </ClCompile>
    <ClCompile Include="C:\Users\eudes\Desktop\Manifesto\Minesweeper-Cpp\Classes\Mine.cpp">
      <Filter>Source Files\Classes</Filter>
    </ClCompile>
    <ClCompile Include="C:\Users\eudes\Desktop\Manifesto\Minesweeper-Cpp\proj.win32\main.cpp">
      <Filter>Source Files\proj.win32</Filter>
    </ClCompile>
    <ClCompile Include="C:\Users\eudes\Desktop\Manifesto\Minesweeper-Cpp\cocos2d\cocos\precheader.cpp">
      <Filter>Source Files</Filter>
    </ClCompile>
  </ItemGroup>
  <ItemGroup>
    <ClInclude Include="C:\Users\eudes\Desktop\Manifesto\Minesweeper-Cpp\Classes\AppDelegate.h">
      <Filter>Source Files\Classes</Filter>
    </ClInclude>
    <ClInclude Include="C:\Users\eudes\Desktop\Manifesto\Minesweeper-Cpp\Classes\FilesPaths.h">
      <Filter>Source Files\Classes</Filter>
    </ClInclude>
    <ClInclude Include="C:\Users\eudes\Desktop\Manifesto\Minesweeper-Cpp\Classes\GameScene.h">
      <Filter>Source Files\Classes</Filter>
    </ClInclude>
    <ClInclude Include="C:\Users\eudes\Desktop\Manifesto\Minesweeper-Cpp\Classes\BoardMap.h">
      <Filter>Source Files\Classes</Filter>
    </ClInclude>
    <ClInclude Include="C:\Users\eudes\Desktop\Manifesto\Minesweeper-Cpp\Classes\Mine.h">
      <Filter>Source Files\Classes</Filter>
    </ClInclude>
    <ClInclude Include="C:\Users\eudes\Desktop\Manifesto\Minesweeper-Cpp\proj.win32\main.h">
      <Filter>Source Files\proj.win32</Filter>
    </ClInclude>
    <ClInclude Include="C:\Users\eudes\Desktop\Manifesto\Minesweeper-Cpp\proj.win32\resource.h">
      <Filter>Source Files\proj.win32</Filter>
    </ClInclude>
    <ClInclude Include="C:\Users\eudes\Desktop\Manifesto\Minesweeper-Cpp\Resources\Icons\clock.png">
      <Filter>Resources\Icons</Filter>
    </ClInclude>
    <ClInclude Include="C:\Users\eudes\Desktop\Manifesto\Minesweeper-Cpp\Resources\Icons\flag.png">
      <Filter>Resources\Icons</Filter>
    </ClInclude>
    <ClInclude Include="C:\Users\eudes\Desktop\Manifesto\Minesweeper-Cpp\Resources\Labels\White.png">
      <Filter>Resources\Labels</Filter>
    </ClInclude>
    <ClInclude Include="C:\Users\eudes\Desktop\Manifesto\Minesweeper-Cpp\Resources\Mines\Default.png">
      <Filter>Resources\Mines</Filter>
    </ClInclude>
    <ClInclude Include="C:\Users\eudes\Desktop\Manifesto\Minesweeper-Cpp\Resources\Mines\Dug.png">
      <Filter>Resources\Mines</Filter>
    </ClInclude>
    <ClInclude Include="C:\Users\eudes\Desktop\Manifesto\Minesweeper-Cpp\Resources\fonts\Marker Felt.ttf">
      <Filter>Resources\fonts</Filter>
    </ClInclude>
    <ClInclude Include="C:\Users\eudes\Desktop\Manifesto\Minesweeper-Cpp\Resources\fonts\arial.ttf">
      <Filter>Resources\fonts</Filter>
    </ClInclude>
    <ClInclude Include="C:\Users\eudes\Desktop\Manifesto\Minesweeper-Cpp\Resources\res\.gitkeep">
      <Filter>Resources\res</Filter>
    </ClInclude>
  </ItemGroup>
  <ItemGroup>
    <CustomBuild Include="C:\Users\eudes\Desktop\Manifesto\Minesweeper-Cpp\CMakeLists.txt" />
  </ItemGroup>
  <ItemGroup>
    <ResourceCompile Include="C:\Users\eudes\Desktop\Manifesto\Minesweeper-Cpp\proj.win32\game.rc">
      <Filter>Source Files\proj.win32</Filter>
    </ResourceCompile>
  </ItemGroup>
  <ItemGroup>
    <Filter Include="Resources">
      <UniqueIdentifier>{EF773D9C-26DE-3AA1-A2AF-E1F7F8DC62D1}</UniqueIdentifier>
    </Filter>
    <Filter Include="Resources\Icons">
      <UniqueIdentifier>{787705AB-66D7-3774-8505-0885D4909AB2}</UniqueIdentifier>
    </Filter>
    <Filter Include="Resources\Labels">
      <UniqueIdentifier>{D29BED0E-34F2-3ACC-A272-2B1AB46E3541}</UniqueIdentifier>
    </Filter>
    <Filter Include="Resources\Mines">
      <UniqueIdentifier>{F9C97120-3540-3E6D-8D0A-5D025C5FBAB6}</UniqueIdentifier>
    </Filter>
    <Filter Include="Resources\fonts">
      <UniqueIdentifier>{9058ECDC-BA0D-393B-AEED-A6CC7B823B97}</UniqueIdentifier>
    </Filter>
    <Filter Include="Resources\res">
      <UniqueIdentifier>{AC71B608-2F39-3018-9923-CCCE7FDD8981}</UniqueIdentifier>
    </Filter>
    <Filter Include="Source Files">
      <UniqueIdentifier>{9C85757F-7B0F-33BA-84A8-7CBAF16BB421}</UniqueIdentifier>
    </Filter>
    <Filter Include="Source Files\Classes">
      <UniqueIdentifier>{33A1B8F4-9878-3581-8D32-3CE42C4B9D80}</UniqueIdentifier>
    </Filter>
    <Filter Include="Source Files\proj.win32">
      <UniqueIdentifier>{23F55548-153C-395B-A9D8-217C1EC24010}</UniqueIdentifier>
    </Filter>
  </ItemGroup>
</Project>
