
Microsoft Visual Studio Solution File, Format Version 12.00
# Visual Studio 15
Project("{2150E333-8FDC-42A3-9474-1A3956D46DE8}") = "CMakePredefinedTargets", "CMakePredefinedTargets", "{3F2D67CF-6974-370F-B0FE-9C7365AB0A17}"
EndProject
Project("{2150E333-8FDC-42A3-9474-1A3956D46DE8}") = "External", "External", "{7CF29E56-46B2-3BA6-9399-A064C4F6991C}"
EndProject
Project("{2150E333-8FDC-42A3-9474-1A3956D46DE8}") = "Internal", "Internal", "{EE2DA69A-D4F8-37BC-8397-DC487E2A75A5}"
EndProject
Project("{2150E333-8FDC-42A3-9474-1A3956D46DE8}") = "Utils", "Utils", "{E38483F0-7E81-3E02-8FBA-03C8C91CB356}"
EndProject
Project("{8BC9CEB8-8B4A-11D0-8D11-00A0C91BC942}") = "ALL_BUILD", "ALL_BUILD.vcxproj", "{6F7AF75B-8378-3377-939C-305FA00B4074}"
	ProjectSection(ProjectDependencies) = postProject
		{1DCE2283-74C8-332A-B71C-3C67FECC62D0} = {1DCE2283-74C8-332A-B71C-3C67FECC62D0}
		{E3E747DC-C838-34E6-9C48-0C8CB7D55C3E} = {E3E747DC-C838-34E6-9C48-0C8CB7D55C3E}
		{2931917F-4C47-329C-8626-0FFEA28C8AC4} = {2931917F-4C47-329C-8626-0FFEA28C8AC4}
		{4BF99DC9-97C0-3D05-9AF8-EC33B9E07D8F} = {4BF99DC9-97C0-3D05-9AF8-EC33B9E07D8F}
		{6490A231-7AFB-39A5-A0A3-47DCDEB6F315} = {6490A231-7AFB-39A5-A0A3-47DCDEB6F315}
		{B9C34204-BF45-3EE4-B17B-873B5DBFABF6} = {B9C34204-BF45-3EE4-B17B-873B5DBFABF6}
		{38BCF54B-2F6E-31FB-8D67-34B272B08693} = {38BCF54B-2F6E-31FB-8D67-34B272B08693}
		{888459AC-3CED-3EFB-A68C-6FBBAF694493} = {888459AC-3CED-3EFB-A68C-6FBBAF694493}
		{DFF05109-DB98-3DDF-ABAC-590B8B227039} = {DFF05109-DB98-3DDF-ABAC-590B8B227039}
		{EAD0576C-B55F-375E-9753-547AF3EE7275} = {EAD0576C-B55F-375E-9753-547AF3EE7275}
		{E7A7FFA6-34F8-360A-9F3D-CDC415689A34} = {E7A7FFA6-34F8-360A-9F3D-CDC415689A34}
		{012C597B-6B0A-340B-9685-EA2F20A76135} = {012C597B-6B0A-340B-9685-EA2F20A76135}
		{17AD72E4-16FE-302D-BBD5-B5EBC2329840} = {17AD72E4-16FE-302D-BBD5-B5EBC2329840}
		{7F7AB4A9-D26A-3E92-8466-F15F1883F022} = {7F7AB4A9-D26A-3E92-8466-F15F1883F022}
		{82115C03-02D8-3FC6-9E28-4AED70C64080} = {82115C03-02D8-3FC6-9E28-4AED70C64080}
	EndProjectSection
EndProject
Project("{8BC9CEB8-8B4A-11D0-8D11-00A0C91BC942}") = "SYNC_RESOURCE-minesweeper", "SYNC_RESOURCE-minesweeper.vcxproj", "{1DCE2283-74C8-332A-B71C-3C67FECC62D0}"
	ProjectSection(ProjectDependencies) = postProject
		{E3E747DC-C838-34E6-9C48-0C8CB7D55C3E} = {E3E747DC-C838-34E6-9C48-0C8CB7D55C3E}
	EndProjectSection
EndProject
Project("{8BC9CEB8-8B4A-11D0-8D11-00A0C91BC942}") = "ZERO_CHECK", "ZERO_CHECK.vcxproj", "{E3E747DC-C838-34E6-9C48-0C8CB7D55C3E}"
	ProjectSection(ProjectDependencies) = postProject
	EndProjectSection
EndProject
Project("{8BC9CEB8-8B4A-11D0-8D11-00A0C91BC942}") = "cocos2d", "engine\cocos\core\cocos2d.vcxproj", "{2931917F-4C47-329C-8626-0FFEA28C8AC4}"
	ProjectSection(ProjectDependencies) = postProject
		{E3E747DC-C838-34E6-9C48-0C8CB7D55C3E} = {E3E747DC-C838-34E6-9C48-0C8CB7D55C3E}
		{4BF99DC9-97C0-3D05-9AF8-EC33B9E07D8F} = {4BF99DC9-97C0-3D05-9AF8-EC33B9E07D8F}
		{6490A231-7AFB-39A5-A0A3-47DCDEB6F315} = {6490A231-7AFB-39A5-A0A3-47DCDEB6F315}
		{B9C34204-BF45-3EE4-B17B-873B5DBFABF6} = {B9C34204-BF45-3EE4-B17B-873B5DBFABF6}
		{38BCF54B-2F6E-31FB-8D67-34B272B08693} = {38BCF54B-2F6E-31FB-8D67-34B272B08693}
		{888459AC-3CED-3EFB-A68C-6FBBAF694493} = {888459AC-3CED-3EFB-A68C-6FBBAF694493}
		{DFF05109-DB98-3DDF-ABAC-590B8B227039} = {DFF05109-DB98-3DDF-ABAC-590B8B227039}
		{EAD0576C-B55F-375E-9753-547AF3EE7275} = {EAD0576C-B55F-375E-9753-547AF3EE7275}
		{E7A7FFA6-34F8-360A-9F3D-CDC415689A34} = {E7A7FFA6-34F8-360A-9F3D-CDC415689A34}
		{012C597B-6B0A-340B-9685-EA2F20A76135} = {012C597B-6B0A-340B-9685-EA2F20A76135}
		{17AD72E4-16FE-302D-BBD5-B5EBC2329840} = {17AD72E4-16FE-302D-BBD5-B5EBC2329840}
		{7F7AB4A9-D26A-3E92-8466-F15F1883F022} = {7F7AB4A9-D26A-3E92-8466-F15F1883F022}
	EndProjectSection
EndProject
Project("{8BC9CEB8-8B4A-11D0-8D11-00A0C91BC942}") = "ext_clipper", "engine\external\clipper\ext_clipper.vcxproj", "{4BF99DC9-97C0-3D05-9AF8-EC33B9E07D8F}"
	ProjectSection(ProjectDependencies) = postProject
		{E3E747DC-C838-34E6-9C48-0C8CB7D55C3E} = {E3E747DC-C838-34E6-9C48-0C8CB7D55C3E}
	EndProjectSection
EndProject
Project("{8BC9CEB8-8B4A-11D0-8D11-00A0C91BC942}") = "ext_convertUTF", "engine\external\ConvertUTF\ext_convertUTF.vcxproj", "{6490A231-7AFB-39A5-A0A3-47DCDEB6F315}"
	ProjectSection(ProjectDependencies) = postProject
		{E3E747DC-C838-34E6-9C48-0C8CB7D55C3E} = {E3E747DC-C838-34E6-9C48-0C8CB7D55C3E}
	EndProjectSection
EndProject
Project("{8BC9CEB8-8B4A-11D0-8D11-00A0C91BC942}") = "ext_edtaa3func", "engine\external\edtaa3func\ext_edtaa3func.vcxproj", "{B9C34204-BF45-3EE4-B17B-873B5DBFABF6}"
	ProjectSection(ProjectDependencies) = postProject
		{E3E747DC-C838-34E6-9C48-0C8CB7D55C3E} = {E3E747DC-C838-34E6-9C48-0C8CB7D55C3E}
	EndProjectSection
EndProject
Project("{8BC9CEB8-8B4A-11D0-8D11-00A0C91BC942}") = "ext_md5", "engine\external\md5\ext_md5.vcxproj", "{38BCF54B-2F6E-31FB-8D67-34B272B08693}"
	ProjectSection(ProjectDependencies) = postProject
		{E3E747DC-C838-34E6-9C48-0C8CB7D55C3E} = {E3E747DC-C838-34E6-9C48-0C8CB7D55C3E}
	EndProjectSection
EndProject
Project("{8BC9CEB8-8B4A-11D0-8D11-00A0C91BC942}") = "ext_poly2tri", "engine\external\poly2tri\ext_poly2tri.vcxproj", "{888459AC-3CED-3EFB-A68C-6FBBAF694493}"
	ProjectSection(ProjectDependencies) = postProject
		{E3E747DC-C838-34E6-9C48-0C8CB7D55C3E} = {E3E747DC-C838-34E6-9C48-0C8CB7D55C3E}
	EndProjectSection
EndProject
Project("{8BC9CEB8-8B4A-11D0-8D11-00A0C91BC942}") = "ext_recast", "engine\external\recast\ext_recast.vcxproj", "{DFF05109-DB98-3DDF-ABAC-590B8B227039}"
	ProjectSection(ProjectDependencies) = postProject
		{E3E747DC-C838-34E6-9C48-0C8CB7D55C3E} = {E3E747DC-C838-34E6-9C48-0C8CB7D55C3E}
	EndProjectSection
EndProject
Project("{8BC9CEB8-8B4A-11D0-8D11-00A0C91BC942}") = "ext_tinyxml2", "engine\external\tinyxml2\ext_tinyxml2.vcxproj", "{EAD0576C-B55F-375E-9753-547AF3EE7275}"
	ProjectSection(ProjectDependencies) = postProject
		{E3E747DC-C838-34E6-9C48-0C8CB7D55C3E} = {E3E747DC-C838-34E6-9C48-0C8CB7D55C3E}
	EndProjectSection
EndProject
Project("{8BC9CEB8-8B4A-11D0-8D11-00A0C91BC942}") = "ext_unzip", "engine\external\unzip\ext_unzip.vcxproj", "{E7A7FFA6-34F8-360A-9F3D-CDC415689A34}"
	ProjectSection(ProjectDependencies) = postProject
		{E3E747DC-C838-34E6-9C48-0C8CB7D55C3E} = {E3E747DC-C838-34E6-9C48-0C8CB7D55C3E}
	EndProjectSection
EndProject
Project("{8BC9CEB8-8B4A-11D0-8D11-00A0C91BC942}") = "ext_xxhash", "engine\external\xxhash\ext_xxhash.vcxproj", "{012C597B-6B0A-340B-9685-EA2F20A76135}"
	ProjectSection(ProjectDependencies) = postProject
		{E3E747DC-C838-34E6-9C48-0C8CB7D55C3E} = {E3E747DC-C838-34E6-9C48-0C8CB7D55C3E}
	EndProjectSection
EndProject
Project("{8BC9CEB8-8B4A-11D0-8D11-00A0C91BC942}") = "ext_xxtea", "engine\external\xxtea\ext_xxtea.vcxproj", "{17AD72E4-16FE-302D-BBD5-B5EBC2329840}"
	ProjectSection(ProjectDependencies) = postProject
		{E3E747DC-C838-34E6-9C48-0C8CB7D55C3E} = {E3E747DC-C838-34E6-9C48-0C8CB7D55C3E}
	EndProjectSection
EndProject
Project("{8BC9CEB8-8B4A-11D0-8D11-00A0C91BC942}") = "external", "engine\external\external.vcxproj", "{7F7AB4A9-D26A-3E92-8466-F15F1883F022}"
	ProjectSection(ProjectDependencies) = postProject
		{E3E747DC-C838-34E6-9C48-0C8CB7D55C3E} = {E3E747DC-C838-34E6-9C48-0C8CB7D55C3E}
		{4BF99DC9-97C0-3D05-9AF8-EC33B9E07D8F} = {4BF99DC9-97C0-3D05-9AF8-EC33B9E07D8F}
		{6490A231-7AFB-39A5-A0A3-47DCDEB6F315} = {6490A231-7AFB-39A5-A0A3-47DCDEB6F315}
		{B9C34204-BF45-3EE4-B17B-873B5DBFABF6} = {B9C34204-BF45-3EE4-B17B-873B5DBFABF6}
		{38BCF54B-2F6E-31FB-8D67-34B272B08693} = {38BCF54B-2F6E-31FB-8D67-34B272B08693}
		{888459AC-3CED-3EFB-A68C-6FBBAF694493} = {888459AC-3CED-3EFB-A68C-6FBBAF694493}
		{DFF05109-DB98-3DDF-ABAC-590B8B227039} = {DFF05109-DB98-3DDF-ABAC-590B8B227039}
		{EAD0576C-B55F-375E-9753-547AF3EE7275} = {EAD0576C-B55F-375E-9753-547AF3EE7275}
		{E7A7FFA6-34F8-360A-9F3D-CDC415689A34} = {E7A7FFA6-34F8-360A-9F3D-CDC415689A34}
		{012C597B-6B0A-340B-9685-EA2F20A76135} = {012C597B-6B0A-340B-9685-EA2F20A76135}
		{17AD72E4-16FE-302D-BBD5-B5EBC2329840} = {17AD72E4-16FE-302D-BBD5-B5EBC2329840}
	EndProjectSection
EndProject
Project("{8BC9CEB8-8B4A-11D0-8D11-00A0C91BC942}") = "minesweeper", "minesweeper.vcxproj", "{82115C03-02D8-3FC6-9E28-4AED70C64080}"
	ProjectSection(ProjectDependencies) = postProject
		{1DCE2283-74C8-332A-B71C-3C67FECC62D0} = {1DCE2283-74C8-332A-B71C-3C67FECC62D0}
		{E3E747DC-C838-34E6-9C48-0C8CB7D55C3E} = {E3E747DC-C838-34E6-9C48-0C8CB7D55C3E}
		{2931917F-4C47-329C-8626-0FFEA28C8AC4} = {2931917F-4C47-329C-8626-0FFEA28C8AC4}
		{4BF99DC9-97C0-3D05-9AF8-EC33B9E07D8F} = {4BF99DC9-97C0-3D05-9AF8-EC33B9E07D8F}
		{6490A231-7AFB-39A5-A0A3-47DCDEB6F315} = {6490A231-7AFB-39A5-A0A3-47DCDEB6F315}
		{B9C34204-BF45-3EE4-B17B-873B5DBFABF6} = {B9C34204-BF45-3EE4-B17B-873B5DBFABF6}
		{38BCF54B-2F6E-31FB-8D67-34B272B08693} = {38BCF54B-2F6E-31FB-8D67-34B272B08693}
		{888459AC-3CED-3EFB-A68C-6FBBAF694493} = {888459AC-3CED-3EFB-A68C-6FBBAF694493}
		{DFF05109-DB98-3DDF-ABAC-590B8B227039} = {DFF05109-DB98-3DDF-ABAC-590B8B227039}
		{EAD0576C-B55F-375E-9753-547AF3EE7275} = {EAD0576C-B55F-375E-9753-547AF3EE7275}
		{E7A7FFA6-34F8-360A-9F3D-CDC415689A34} = {E7A7FFA6-34F8-360A-9F3D-CDC415689A34}
		{012C597B-6B0A-340B-9685-EA2F20A76135} = {012C597B-6B0A-340B-9685-EA2F20A76135}
		{17AD72E4-16FE-302D-BBD5-B5EBC2329840} = {17AD72E4-16FE-302D-BBD5-B5EBC2329840}
		{7F7AB4A9-D26A-3E92-8466-F15F1883F022} = {7F7AB4A9-D26A-3E92-8466-F15F1883F022}
	EndProjectSection
EndProject
Global
	GlobalSection(SolutionConfigurationPlatforms) = preSolution
		Debug|Win32 = Debug|Win32
		Release|Win32 = Release|Win32
		MinSizeRel|Win32 = MinSizeRel|Win32
		RelWithDebInfo|Win32 = RelWithDebInfo|Win32
	EndGlobalSection
	GlobalSection(ProjectConfigurationPlatforms) = postSolution
		{6F7AF75B-8378-3377-939C-305FA00B4074}.Debug|Win32.ActiveCfg = Debug|Win32
		{6F7AF75B-8378-3377-939C-305FA00B4074}.Release|Win32.ActiveCfg = Release|Win32
		{6F7AF75B-8378-3377-939C-305FA00B4074}.MinSizeRel|Win32.ActiveCfg = MinSizeRel|Win32
		{6F7AF75B-8378-3377-939C-305FA00B4074}.RelWithDebInfo|Win32.ActiveCfg = RelWithDebInfo|Win32
		{1DCE2283-74C8-332A-B71C-3C67FECC62D0}.Debug|Win32.ActiveCfg = Debug|Win32
		{1DCE2283-74C8-332A-B71C-3C67FECC62D0}.Debug|Win32.Build.0 = Debug|Win32
		{1DCE2283-74C8-332A-B71C-3C67FECC62D0}.Release|Win32.ActiveCfg = Release|Win32
		{1DCE2283-74C8-332A-B71C-3C67FECC62D0}.Release|Win32.Build.0 = Release|Win32
		{1DCE2283-74C8-332A-B71C-3C67FECC62D0}.MinSizeRel|Win32.ActiveCfg = MinSizeRel|Win32
		{1DCE2283-74C8-332A-B71C-3C67FECC62D0}.MinSizeRel|Win32.Build.0 = MinSizeRel|Win32
		{1DCE2283-74C8-332A-B71C-3C67FECC62D0}.RelWithDebInfo|Win32.ActiveCfg = RelWithDebInfo|Win32
		{1DCE2283-74C8-332A-B71C-3C67FECC62D0}.RelWithDebInfo|Win32.Build.0 = RelWithDebInfo|Win32
		{E3E747DC-C838-34E6-9C48-0C8CB7D55C3E}.Debug|Win32.ActiveCfg = Debug|Win32
		{E3E747DC-C838-34E6-9C48-0C8CB7D55C3E}.Debug|Win32.Build.0 = Debug|Win32
		{E3E747DC-C838-34E6-9C48-0C8CB7D55C3E}.Release|Win32.ActiveCfg = Release|Win32
		{E3E747DC-C838-34E6-9C48-0C8CB7D55C3E}.Release|Win32.Build.0 = Release|Win32
		{E3E747DC-C838-34E6-9C48-0C8CB7D55C3E}.MinSizeRel|Win32.ActiveCfg = MinSizeRel|Win32
		{E3E747DC-C838-34E6-9C48-0C8CB7D55C3E}.MinSizeRel|Win32.Build.0 = MinSizeRel|Win32
		{E3E747DC-C838-34E6-9C48-0C8CB7D55C3E}.RelWithDebInfo|Win32.ActiveCfg = RelWithDebInfo|Win32
		{E3E747DC-C838-34E6-9C48-0C8CB7D55C3E}.RelWithDebInfo|Win32.Build.0 = RelWithDebInfo|Win32
		{2931917F-4C47-329C-8626-0FFEA28C8AC4}.Debug|Win32.ActiveCfg = Debug|Win32
		{2931917F-4C47-329C-8626-0FFEA28C8AC4}.Debug|Win32.Build.0 = Debug|Win32
		{2931917F-4C47-329C-8626-0FFEA28C8AC4}.Release|Win32.ActiveCfg = Release|Win32
		{2931917F-4C47-329C-8626-0FFEA28C8AC4}.Release|Win32.Build.0 = Release|Win32
		{2931917F-4C47-329C-8626-0FFEA28C8AC4}.MinSizeRel|Win32.ActiveCfg = MinSizeRel|Win32
		{2931917F-4C47-329C-8626-0FFEA28C8AC4}.MinSizeRel|Win32.Build.0 = MinSizeRel|Win32
		{2931917F-4C47-329C-8626-0FFEA28C8AC4}.RelWithDebInfo|Win32.ActiveCfg = RelWithDebInfo|Win32
		{2931917F-4C47-329C-8626-0FFEA28C8AC4}.RelWithDebInfo|Win32.Build.0 = RelWithDebInfo|Win32
		{4BF99DC9-97C0-3D05-9AF8-EC33B9E07D8F}.Debug|Win32.ActiveCfg = Debug|Win32
		{4BF99DC9-97C0-3D05-9AF8-EC33B9E07D8F}.Debug|Win32.Build.0 = Debug|Win32
		{4BF99DC9-97C0-3D05-9AF8-EC33B9E07D8F}.Release|Win32.ActiveCfg = Release|Win32
		{4BF99DC9-97C0-3D05-9AF8-EC33B9E07D8F}.Release|Win32.Build.0 = Release|Win32
		{4BF99DC9-97C0-3D05-9AF8-EC33B9E07D8F}.MinSizeRel|Win32.ActiveCfg = MinSizeRel|Win32
		{4BF99DC9-97C0-3D05-9AF8-EC33B9E07D8F}.MinSizeRel|Win32.Build.0 = MinSizeRel|Win32
		{4BF99DC9-97C0-3D05-9AF8-EC33B9E07D8F}.RelWithDebInfo|Win32.ActiveCfg = RelWithDebInfo|Win32
		{4BF99DC9-97C0-3D05-9AF8-EC33B9E07D8F}.RelWithDebInfo|Win32.Build.0 = RelWithDebInfo|Win32
		{6490A231-7AFB-39A5-A0A3-47DCDEB6F315}.Debug|Win32.ActiveCfg = Debug|Win32
		{6490A231-7AFB-39A5-A0A3-47DCDEB6F315}.Debug|Win32.Build.0 = Debug|Win32
		{6490A231-7AFB-39A5-A0A3-47DCDEB6F315}.Release|Win32.ActiveCfg = Release|Win32
		{6490A231-7AFB-39A5-A0A3-47DCDEB6F315}.Release|Win32.Build.0 = Release|Win32
		{6490A231-7AFB-39A5-A0A3-47DCDEB6F315}.MinSizeRel|Win32.ActiveCfg = MinSizeRel|Win32
		{6490A231-7AFB-39A5-A0A3-47DCDEB6F315}.MinSizeRel|Win32.Build.0 = MinSizeRel|Win32
		{6490A231-7AFB-39A5-A0A3-47DCDEB6F315}.RelWithDebInfo|Win32.ActiveCfg = RelWithDebInfo|Win32
		{6490A231-7AFB-39A5-A0A3-47DCDEB6F315}.RelWithDebInfo|Win32.Build.0 = RelWithDebInfo|Win32
		{B9C34204-BF45-3EE4-B17B-873B5DBFABF6}.Debug|Win32.ActiveCfg = Debug|Win32
		{B9C34204-BF45-3EE4-B17B-873B5DBFABF6}.Debug|Win32.Build.0 = Debug|Win32
		{B9C34204-BF45-3EE4-B17B-873B5DBFABF6}.Release|Win32.ActiveCfg = Release|Win32
		{B9C34204-BF45-3EE4-B17B-873B5DBFABF6}.Release|Win32.Build.0 = Release|Win32
		{B9C34204-BF45-3EE4-B17B-873B5DBFABF6}.MinSizeRel|Win32.ActiveCfg = MinSizeRel|Win32
		{B9C34204-BF45-3EE4-B17B-873B5DBFABF6}.MinSizeRel|Win32.Build.0 = MinSizeRel|Win32
		{B9C34204-BF45-3EE4-B17B-873B5DBFABF6}.RelWithDebInfo|Win32.ActiveCfg = RelWithDebInfo|Win32
		{B9C34204-BF45-3EE4-B17B-873B5DBFABF6}.RelWithDebInfo|Win32.Build.0 = RelWithDebInfo|Win32
		{38BCF54B-2F6E-31FB-8D67-34B272B08693}.Debug|Win32.ActiveCfg = Debug|Win32
		{38BCF54B-2F6E-31FB-8D67-34B272B08693}.Debug|Win32.Build.0 = Debug|Win32
		{38BCF54B-2F6E-31FB-8D67-34B272B08693}.Release|Win32.ActiveCfg = Release|Win32
		{38BCF54B-2F6E-31FB-8D67-34B272B08693}.Release|Win32.Build.0 = Release|Win32
		{38BCF54B-2F6E-31FB-8D67-34B272B08693}.MinSizeRel|Win32.ActiveCfg = MinSizeRel|Win32
		{38BCF54B-2F6E-31FB-8D67-34B272B08693}.MinSizeRel|Win32.Build.0 = MinSizeRel|Win32
		{38BCF54B-2F6E-31FB-8D67-34B272B08693}.RelWithDebInfo|Win32.ActiveCfg = RelWithDebInfo|Win32
		{38BCF54B-2F6E-31FB-8D67-34B272B08693}.RelWithDebInfo|Win32.Build.0 = RelWithDebInfo|Win32
		{888459AC-3CED-3EFB-A68C-6FBBAF694493}.Debug|Win32.ActiveCfg = Debug|Win32
		{888459AC-3CED-3EFB-A68C-6FBBAF694493}.Debug|Win32.Build.0 = Debug|Win32
		{888459AC-3CED-3EFB-A68C-6FBBAF694493}.Release|Win32.ActiveCfg = Release|Win32
		{888459AC-3CED-3EFB-A68C-6FBBAF694493}.Release|Win32.Build.0 = Release|Win32
		{888459AC-3CED-3EFB-A68C-6FBBAF694493}.MinSizeRel|Win32.ActiveCfg = MinSizeRel|Win32
		{888459AC-3CED-3EFB-A68C-6FBBAF694493}.MinSizeRel|Win32.Build.0 = MinSizeRel|Win32
		{888459AC-3CED-3EFB-A68C-6FBBAF694493}.RelWithDebInfo|Win32.ActiveCfg = RelWithDebInfo|Win32
		{888459AC-3CED-3EFB-A68C-6FBBAF694493}.RelWithDebInfo|Win32.Build.0 = RelWithDebInfo|Win32
		{DFF05109-DB98-3DDF-ABAC-590B8B227039}.Debug|Win32.ActiveCfg = Debug|Win32
		{DFF05109-DB98-3DDF-ABAC-590B8B227039}.Debug|Win32.Build.0 = Debug|Win32
		{DFF05109-DB98-3DDF-ABAC-590B8B227039}.Release|Win32.ActiveCfg = Release|Win32
		{DFF05109-DB98-3DDF-ABAC-590B8B227039}.Release|Win32.Build.0 = Release|Win32
		{DFF05109-DB98-3DDF-ABAC-590B8B227039}.MinSizeRel|Win32.ActiveCfg = MinSizeRel|Win32
		{DFF05109-DB98-3DDF-ABAC-590B8B227039}.MinSizeRel|Win32.Build.0 = MinSizeRel|Win32
		{DFF05109-DB98-3DDF-ABAC-590B8B227039}.RelWithDebInfo|Win32.ActiveCfg = RelWithDebInfo|Win32
		{DFF05109-DB98-3DDF-ABAC-590B8B227039}.RelWithDebInfo|Win32.Build.0 = RelWithDebInfo|Win32
		{EAD0576C-B55F-375E-9753-547AF3EE7275}.Debug|Win32.ActiveCfg = Debug|Win32
		{EAD0576C-B55F-375E-9753-547AF3EE7275}.Debug|Win32.Build.0 = Debug|Win32
		{EAD0576C-B55F-375E-9753-547AF3EE7275}.Release|Win32.ActiveCfg = Release|Win32
		{EAD0576C-B55F-375E-9753-547AF3EE7275}.Release|Win32.Build.0 = Release|Win32
		{EAD0576C-B55F-375E-9753-547AF3EE7275}.MinSizeRel|Win32.ActiveCfg = MinSizeRel|Win32
		{EAD0576C-B55F-375E-9753-547AF3EE7275}.MinSizeRel|Win32.Build.0 = MinSizeRel|Win32
		{EAD0576C-B55F-375E-9753-547AF3EE7275}.RelWithDebInfo|Win32.ActiveCfg = RelWithDebInfo|Win32
		{EAD0576C-B55F-375E-9753-547AF3EE7275}.RelWithDebInfo|Win32.Build.0 = RelWithDebInfo|Win32
		{E7A7FFA6-34F8-360A-9F3D-CDC415689A34}.Debug|Win32.ActiveCfg = Debug|Win32
		{E7A7FFA6-34F8-360A-9F3D-CDC415689A34}.Debug|Win32.Build.0 = Debug|Win32
		{E7A7FFA6-34F8-360A-9F3D-CDC415689A34}.Release|Win32.ActiveCfg = Release|Win32
		{E7A7FFA6-34F8-360A-9F3D-CDC415689A34}.Release|Win32.Build.0 = Release|Win32
		{E7A7FFA6-34F8-360A-9F3D-CDC415689A34}.MinSizeRel|Win32.ActiveCfg = MinSizeRel|Win32
		{E7A7FFA6-34F8-360A-9F3D-CDC415689A34}.MinSizeRel|Win32.Build.0 = MinSizeRel|Win32
		{E7A7FFA6-34F8-360A-9F3D-CDC415689A34}.RelWithDebInfo|Win32.ActiveCfg = RelWithDebInfo|Win32
		{E7A7FFA6-34F8-360A-9F3D-CDC415689A34}.RelWithDebInfo|Win32.Build.0 = RelWithDebInfo|Win32
		{012C597B-6B0A-340B-9685-EA2F20A76135}.Debug|Win32.ActiveCfg = Debug|Win32
		{012C597B-6B0A-340B-9685-EA2F20A76135}.Debug|Win32.Build.0 = Debug|Win32
		{012C597B-6B0A-340B-9685-EA2F20A76135}.Release|Win32.ActiveCfg = Release|Win32
		{012C597B-6B0A-340B-9685-EA2F20A76135}.Release|Win32.Build.0 = Release|Win32
		{012C597B-6B0A-340B-9685-EA2F20A76135}.MinSizeRel|Win32.ActiveCfg = MinSizeRel|Win32
		{012C597B-6B0A-340B-9685-EA2F20A76135}.MinSizeRel|Win32.Build.0 = MinSizeRel|Win32
		{012C597B-6B0A-340B-9685-EA2F20A76135}.RelWithDebInfo|Win32.ActiveCfg = RelWithDebInfo|Win32
		{012C597B-6B0A-340B-9685-EA2F20A76135}.RelWithDebInfo|Win32.Build.0 = RelWithDebInfo|Win32
		{17AD72E4-16FE-302D-BBD5-B5EBC2329840}.Debug|Win32.ActiveCfg = Debug|Win32
		{17AD72E4-16FE-302D-BBD5-B5EBC2329840}.Debug|Win32.Build.0 = Debug|Win32
		{17AD72E4-16FE-302D-BBD5-B5EBC2329840}.Release|Win32.ActiveCfg = Release|Win32
		{17AD72E4-16FE-302D-BBD5-B5EBC2329840}.Release|Win32.Build.0 = Release|Win32
		{17AD72E4-16FE-302D-BBD5-B5EBC2329840}.MinSizeRel|Win32.ActiveCfg = MinSizeRel|Win32
		{17AD72E4-16FE-302D-BBD5-B5EBC2329840}.MinSizeRel|Win32.Build.0 = MinSizeRel|Win32
		{17AD72E4-16FE-302D-BBD5-B5EBC2329840}.RelWithDebInfo|Win32.ActiveCfg = RelWithDebInfo|Win32
		{17AD72E4-16FE-302D-BBD5-B5EBC2329840}.RelWithDebInfo|Win32.Build.0 = RelWithDebInfo|Win32
		{7F7AB4A9-D26A-3E92-8466-F15F1883F022}.Debug|Win32.ActiveCfg = Debug|Win32
		{7F7AB4A9-D26A-3E92-8466-F15F1883F022}.Debug|Win32.Build.0 = Debug|Win32
		{7F7AB4A9-D26A-3E92-8466-F15F1883F022}.Release|Win32.ActiveCfg = Release|Win32
		{7F7AB4A9-D26A-3E92-8466-F15F1883F022}.Release|Win32.Build.0 = Release|Win32
		{7F7AB4A9-D26A-3E92-8466-F15F1883F022}.MinSizeRel|Win32.ActiveCfg = MinSizeRel|Win32
		{7F7AB4A9-D26A-3E92-8466-F15F1883F022}.MinSizeRel|Win32.Build.0 = MinSizeRel|Win32
		{7F7AB4A9-D26A-3E92-8466-F15F1883F022}.RelWithDebInfo|Win32.ActiveCfg = RelWithDebInfo|Win32
		{7F7AB4A9-D26A-3E92-8466-F15F1883F022}.RelWithDebInfo|Win32.Build.0 = RelWithDebInfo|Win32
		{82115C03-02D8-3FC6-9E28-4AED70C64080}.Debug|Win32.ActiveCfg = Debug|Win32
		{82115C03-02D8-3FC6-9E28-4AED70C64080}.Debug|Win32.Build.0 = Debug|Win32
		{82115C03-02D8-3FC6-9E28-4AED70C64080}.Release|Win32.ActiveCfg = Release|Win32
		{82115C03-02D8-3FC6-9E28-4AED70C64080}.Release|Win32.Build.0 = Release|Win32
		{82115C03-02D8-3FC6-9E28-4AED70C64080}.MinSizeRel|Win32.ActiveCfg = MinSizeRel|Win32
		{82115C03-02D8-3FC6-9E28-4AED70C64080}.MinSizeRel|Win32.Build.0 = MinSizeRel|Win32
		{82115C03-02D8-3FC6-9E28-4AED70C64080}.RelWithDebInfo|Win32.ActiveCfg = RelWithDebInfo|Win32
		{82115C03-02D8-3FC6-9E28-4AED70C64080}.RelWithDebInfo|Win32.Build.0 = RelWithDebInfo|Win32
	EndGlobalSection
	GlobalSection(NestedProjects) = preSolution
		{6F7AF75B-8378-3377-939C-305FA00B4074} = {3F2D67CF-6974-370F-B0FE-9C7365AB0A17}
		{E3E747DC-C838-34E6-9C48-0C8CB7D55C3E} = {3F2D67CF-6974-370F-B0FE-9C7365AB0A17}
		{4BF99DC9-97C0-3D05-9AF8-EC33B9E07D8F} = {7CF29E56-46B2-3BA6-9399-A064C4F6991C}
		{6490A231-7AFB-39A5-A0A3-47DCDEB6F315} = {7CF29E56-46B2-3BA6-9399-A064C4F6991C}
		{B9C34204-BF45-3EE4-B17B-873B5DBFABF6} = {7CF29E56-46B2-3BA6-9399-A064C4F6991C}
		{38BCF54B-2F6E-31FB-8D67-34B272B08693} = {7CF29E56-46B2-3BA6-9399-A064C4F6991C}
		{888459AC-3CED-3EFB-A68C-6FBBAF694493} = {7CF29E56-46B2-3BA6-9399-A064C4F6991C}
		{DFF05109-DB98-3DDF-ABAC-590B8B227039} = {7CF29E56-46B2-3BA6-9399-A064C4F6991C}
		{EAD0576C-B55F-375E-9753-547AF3EE7275} = {7CF29E56-46B2-3BA6-9399-A064C4F6991C}
		{E7A7FFA6-34F8-360A-9F3D-CDC415689A34} = {7CF29E56-46B2-3BA6-9399-A064C4F6991C}
		{012C597B-6B0A-340B-9685-EA2F20A76135} = {7CF29E56-46B2-3BA6-9399-A064C4F6991C}
		{17AD72E4-16FE-302D-BBD5-B5EBC2329840} = {7CF29E56-46B2-3BA6-9399-A064C4F6991C}
		{7F7AB4A9-D26A-3E92-8466-F15F1883F022} = {7CF29E56-46B2-3BA6-9399-A064C4F6991C}
		{2931917F-4C47-329C-8626-0FFEA28C8AC4} = {EE2DA69A-D4F8-37BC-8397-DC487E2A75A5}
		{1DCE2283-74C8-332A-B71C-3C67FECC62D0} = {E38483F0-7E81-3E02-8FBA-03C8C91CB356}
	EndGlobalSection
	GlobalSection(ExtensibilityGlobals) = postSolution
		SolutionGuid = {39921877-A633-3D79-806B-EF57F813A723}
	EndGlobalSection
	GlobalSection(ExtensibilityAddIns) = postSolution
	EndGlobalSection
EndGlobal
